// !$*UTF8*$!
{
	archiveVersion = 1;
	classes = {
	};
	objectVersion = 77;
	objects = {

/* Begin PBXBuildFile section */
		CC1234572EA241B30007DBB1 /* libghostty.a in Frameworks */ = {isa = PBXBuildFile; fileRef = CC1234562EA241B30007DBB1 /* libghostty.a */; };
		CC128B1B2EAF8DD600EA9A50 /* Sparkle in Frameworks */ = {isa = PBXBuildFile; productRef = CC128B1A2EAF8DD600EA9A50 /* Sparkle */; };
		CC2917C82EFBDAE300440062 /* CodeEditSourceEditor in Frameworks */ = {isa = PBXBuildFile; productRef = CC2917C32EFBDAE300440062 /* CodeEditSourceEditor */; };
		CC2917C92EFBDAE300440062 /* CodeEditTextView in Frameworks */ = {isa = PBXBuildFile; productRef = CC2917C12EFBDAE300440062 /* CodeEditTextView */; };
		CC2917CA2EFBDAE300440062 /* CodeEditSymbols in Frameworks */ = {isa = PBXBuildFile; productRef = CC2917C02EFBDAE300440062 /* CodeEditSymbols */; };
		CC2917CB2EFBDAE300440062 /* CodeEditTextView in Frameworks */ = {isa = PBXBuildFile; productRef = CC2917BE2EFBDAE300440062 /* CodeEditTextView */; };
		CC2917CC2EFBDAE300440062 /* CodeEditSourceEditor in Frameworks */ = {isa = PBXBuildFile; productRef = CC2917BD2EFBDAE300440062 /* CodeEditSourceEditor */; };
		CC2917CD2EFBDAE300440062 /* CodeEditSourceEditor in Frameworks */ = {isa = PBXBuildFile; productRef = CC2917BC2EFBDAE300440062 /* CodeEditSourceEditor */; };
		CC2917CE2EFBDAE300440062 /* CodeEditTextView in Frameworks */ = {isa = PBXBuildFile; productRef = CC2917BB2EFBDAE300440062 /* CodeEditTextView */; };
		CC2917CF2EFBDAE300440062 /* CodeEditSymbols in Frameworks */ = {isa = PBXBuildFile; productRef = CC2917BF2EFBDAE300440062 /* CodeEditSymbols */; };
		CC2917D02EFBDAE300440062 /* SwiftTreeSitter in Frameworks */ = {isa = PBXBuildFile; productRef = CC2917B92EFBDAE300440062 /* SwiftTreeSitter */; };
		CC2917D12EFBDAE300440062 /* CodeEditLanguages in Frameworks */ = {isa = PBXBuildFile; productRef = CC2917C42EFBDAE300440062 /* CodeEditLanguages */; };
		CC2917D22EFBDAE300440062 /* CodeEditSourceEditor in Frameworks */ = {isa = PBXBuildFile; productRef = CC2917C22EFBDAE300440062 /* CodeEditSourceEditor */; };
		CC2917D32EFBDAE300440062 /* libghostty.a in Frameworks */ = {isa = PBXBuildFile; fileRef = CC1234562EA241B30007DBB1 /* libghostty.a */; };
		CC2917D42EFBDAE300440062 /* Markdown in Frameworks */ = {isa = PBXBuildFile; productRef = CC2917B52EFBDAE300440062 /* Markdown */; };
		CC2917D52EFBDAE300440062 /* Sparkle in Frameworks */ = {isa = PBXBuildFile; productRef = CC2917B72EFBDAE300440062 /* Sparkle */; };
		CC6CA52C2EA25D9D001CADD7 /* Markdown in Frameworks */ = {isa = PBXBuildFile; productRef = CCB04B732EA241B60007DBB1 /* Markdown */; };
		CC8001752EC989600037DA4C /* SwiftTreeSitter in Frameworks */ = {isa = PBXBuildFile; productRef = CCFE00062EBF000000000006 /* SwiftTreeSitter */; };
		CCA569F12ECB04E100955D13 /* CodeEditTextView in Frameworks */ = {isa = PBXBuildFile; productRef = CCA569F02ECB04E100955D13 /* CodeEditTextView */; };
		CCA56A052ECB132E00955D13 /* CodeEditSymbols in Frameworks */ = {isa = PBXBuildFile; productRef = CCA56A042ECB132E00955D13 /* CodeEditSymbols */; };
		CCA56A0B2ECB1EAF00955D13 /* CodeEditSourceEditor in Frameworks */ = {isa = PBXBuildFile; productRef = CCA56A0A2ECB1EAF00955D13 /* CodeEditSourceEditor */; };
		CCA56A102ECB203200955D13 /* CodeEditLanguages in Frameworks */ = {isa = PBXBuildFile; productRef = CCA56A0F2ECB203200955D13 /* CodeEditLanguages */; };
		CCB235112EEA7CA300041489 /* CodeEditSourceEditor in Frameworks */ = {isa = PBXBuildFile; productRef = CCA569F32ECB04F500955D13 /* CodeEditSourceEditor */; };
		CCB235122EEA7CA300041489 /* CodeEditSourceEditor in Frameworks */ = {isa = PBXBuildFile; productRef = CCA569FE2ECB12A600955D13 /* CodeEditSourceEditor */; };
		CCB235132EEA7CA300041489 /* CodeEditTextView in Frameworks */ = {isa = PBXBuildFile; productRef = CCA56A012ECB131C00955D13 /* CodeEditTextView */; };
		CCB235142EEA7CA300041489 /* CodeEditSymbols in Frameworks */ = {isa = PBXBuildFile; productRef = CCA56A062ECB1E8D00955D13 /* CodeEditSymbols */; };
		CCB235152EEA7CA300041489 /* CodeEditTextView in Frameworks */ = {isa = PBXBuildFile; productRef = CCA56A082ECB1E9D00955D13 /* CodeEditTextView */; };
		CCB235162EEA7CA300041489 /* CodeEditSourceEditor in Frameworks */ = {isa = PBXBuildFile; productRef = CCA56A0C2ECB1F2800955D13 /* CodeEditSourceEditor */; };
/* End PBXBuildFile section */

/* Begin PBXContainerItemProxy section */
		CCB04B552EA241B50007DBB1 /* PBXContainerItemProxy */ = {
			isa = PBXContainerItemProxy;
			containerPortal = CCB04B3A2EA241B30007DBB1 /* Project object */;
			proxyType = 1;
			remoteGlobalIDString = CCB04B412EA241B30007DBB1;
			remoteInfo = aizen;
		};
		CCB04B5F2EA241B50007DBB1 /* PBXContainerItemProxy */ = {
			isa = PBXContainerItemProxy;
			containerPortal = CCB04B3A2EA241B30007DBB1 /* Project object */;
			proxyType = 1;
			remoteGlobalIDString = CCB04B412EA241B30007DBB1;
			remoteInfo = aizen;
		};
/* End PBXContainerItemProxy section */

/* Begin PBXFileReference section */
		CC1234562EA241B30007DBB1 /* libghostty.a */ = {isa = PBXFileReference; lastKnownFileType = archive.ar; name = libghostty.a; path = Vendor/libghostty/lib/libghostty.a; sourceTree = "<group>"; };
		CC2917DB2EFBDAE300440062 /* aizen nightly.app */ = {isa = PBXFileReference; explicitFileType = wrapper.application; includeInIndex = 0; path = "aizen nightly.app"; sourceTree = BUILT_PRODUCTS_DIR; };
		CC2917DD2EFBDAE400440062 /* aizen nightly-Info.plist */ = {isa = PBXFileReference; lastKnownFileType = text.plist.xml; name = "aizen nightly-Info.plist"; path = "/Users/uyakauleu/development/aizen/aizen nightly-Info.plist"; sourceTree = "<absolute>"; };
		CCB04B422EA241B30007DBB1 /* aizen.app */ = {isa = PBXFileReference; explicitFileType = wrapper.application; includeInIndex = 0; path = aizen.app; sourceTree = BUILT_PRODUCTS_DIR; };
		CCB04B542EA241B50007DBB1 /* aizenTests.xctest */ = {isa = PBXFileReference; explicitFileType = wrapper.cfbundle; includeInIndex = 0; path = aizenTests.xctest; sourceTree = BUILT_PRODUCTS_DIR; };
		CCB04B5E2EA241B50007DBB1 /* aizenUITests.xctest */ = {isa = PBXFileReference; explicitFileType = wrapper.cfbundle; includeInIndex = 0; path = aizenUITests.xctest; sourceTree = BUILT_PRODUCTS_DIR; };
/* End PBXFileReference section */

/* Begin PBXFileSystemSynchronizedBuildFileExceptionSet section */
		CC2917DC2EFBDAE400440062 /* Exceptions for "aizen" folder in "aizen nightly" target */ = {
			isa = PBXFileSystemSynchronizedBuildFileExceptionSet;
			membershipExceptions = (
				aizen.xcdatamodeld,
				App/aizenApp.swift,
				Assets.xcassets,
				GhosttyTerminal/Ghostty.Action.swift,
				GhosttyTerminal/Ghostty.App.swift,
				GhosttyTerminal/Ghostty.Input.swift,
				GhosttyTerminal/Ghostty.Key.swift,
				GhosttyTerminal/Ghostty.KeyEvent.swift,
				GhosttyTerminal/Ghostty.Mods.swift,
				GhosttyTerminal/Ghostty.MouseEvent.swift,
				GhosttyTerminal/Ghostty.Surface.swift,
				GhosttyTerminal/GhosttyIMEHandler.swift,
				GhosttyTerminal/GhosttyInputHandler.swift,
				GhosttyTerminal/GhosttyProgressState.swift,
				GhosttyTerminal/GhosttyRenderingSetup.swift,
				GhosttyTerminal/GhosttyTerminalView.swift,
				GhosttyTerminal/TerminalScrollView.swift,
				Info.plist,
				Localizable.xcstrings,
				Managers/BranchTemplateManager.swift,
				Managers/ChatSessionManager.swift,
				Managers/PermissionNotificationManager.swift,
				Managers/SettingsWindowManager.swift,
				Managers/TabConfigurationManager.swift,
				Managers/TerminalNotificationManager.swift,
				Managers/TerminalPresetManager.swift,
				Managers/TerminalSessionManager.swift,
				Managers/XcodeBuildManager.swift,
				Models/ACP/ACPCapabilities.swift,
				Models/ACP/ACPContentTypes.swift,
				Models/ACP/ACPMessageTypes.swift,
				Models/ACP/ACPPermissionTypes.swift,
				Models/ACP/ACPSessionRequests.swift,
				Models/ACP/ACPSessionResponses.swift,
				Models/ACP/ACPSessionTypes.swift,
				Models/ACP/ACPSessionUpdate.swift,
				Models/ACP/ACPTerminalTypes.swift,
				Models/ACP/ACPToolTypes.swift,
				Models/ACP/ACPTypes.swift,
				Models/Agent/AgentConfigSpec.swift,
				Models/Agent/AgentIconType.swift,
				Models/Agent/AgentInstallMethod.swift,
				Models/Agent/AgentMetadata.swift,
				Models/Chat/ChatAttachment.swift,
				Models/FileSearchResult.swift,
				Models/Git/BranchTemplate.swift,
				Models/Git/DiffTypes.swift,
				Models/Git/MergeResult.swift,
				Models/Git/PostCreateAction.swift,
				Models/Git/ReviewComment.swift,
				Models/Git/WorktreeStatusInfo.swift,
				Models/GitCommit.swift,
				Models/GitStatus.swift,
				Models/ItemStatus.swift,
				Models/MCP/MCPInstalledServer.swift,
				Models/MCP/MCPServer.swift,
				"Models/Repository+PostCreateActions.swift",
				Models/Tab/TabItem.swift,
				Models/Terminal/TerminalPreset.swift,
				Models/TimelineItem.swift,
				Models/ToolCallGroup.swift,
				"Models/Worktree+Extensions.swift",
				"Resources/ghostty/shell-integration/bash/bash-preexec.sh",
				"Resources/ghostty/shell-integration/bash/ghostty.bash",
				"Resources/ghostty/shell-integration/elvish/lib/ghostty-integration.elv",
				"Resources/ghostty/shell-integration/fish/vendor_conf.d/ghostty-shell-integration.fish",
				"Resources/ghostty/shell-integration/zsh/.zshenv",
				"Resources/ghostty/shell-integration/zsh/ghostty-integration",
				Resources/ghostty/themes/0x96f,
				"Resources/ghostty/themes/12-bit Rainbow",
				"Resources/ghostty/themes/3024 Day",
				"Resources/ghostty/themes/3024 Night",
				"Resources/ghostty/themes/Aardvark Blue",
				Resources/ghostty/themes/Abernathy,
				Resources/ghostty/themes/Adventure,
				"Resources/ghostty/themes/Adventure Time",
				Resources/ghostty/themes/Adwaita,
				"Resources/ghostty/themes/Adwaita Dark",
				Resources/ghostty/themes/Afterglow,
				Resources/ghostty/themes/Alabaster,
				"Resources/ghostty/themes/Alien Blood",
				Resources/ghostty/themes/Andromeda,
				"Resources/ghostty/themes/Apple Classic",
				"Resources/ghostty/themes/Apple System Colors",
				"Resources/ghostty/themes/Apple System Colors Light",
				Resources/ghostty/themes/Arcoiris,
				Resources/ghostty/themes/Ardoise,
				Resources/ghostty/themes/Argonaut,
				Resources/ghostty/themes/Arthur,
				"Resources/ghostty/themes/Atelier Sulphurpool",
				Resources/ghostty/themes/Atom,
				"Resources/ghostty/themes/Atom One Dark",
				"Resources/ghostty/themes/Atom One Light",
				Resources/ghostty/themes/Aura,
				Resources/ghostty/themes/Aurora,
				Resources/ghostty/themes/Ayu,
				"Resources/ghostty/themes/Ayu Light",
				"Resources/ghostty/themes/Ayu Mirage",
				"Resources/ghostty/themes/Banana Blueberry",
				Resources/ghostty/themes/Batman,
				"Resources/ghostty/themes/Belafonte Day",
				"Resources/ghostty/themes/Belafonte Night",
				"Resources/ghostty/themes/Birds Of Paradise",
				"Resources/ghostty/themes/Black Metal",
				"Resources/ghostty/themes/Black Metal (Bathory)",
				"Resources/ghostty/themes/Black Metal (Burzum)",
				"Resources/ghostty/themes/Black Metal (Dark Funeral)",
				"Resources/ghostty/themes/Black Metal (Gorgoroth)",
				"Resources/ghostty/themes/Black Metal (Immortal)",
				"Resources/ghostty/themes/Black Metal (Khold)",
				"Resources/ghostty/themes/Black Metal (Marduk)",
				"Resources/ghostty/themes/Black Metal (Mayhem)",
				"Resources/ghostty/themes/Black Metal (Nile)",
				"Resources/ghostty/themes/Black Metal (Venom)",
				Resources/ghostty/themes/Blazer,
				"Resources/ghostty/themes/Blue Berry Pie",
				"Resources/ghostty/themes/Blue Dolphin",
				"Resources/ghostty/themes/Blue Matrix",
				"Resources/ghostty/themes/Bluloco Dark",
				"Resources/ghostty/themes/Bluloco Light",
				Resources/ghostty/themes/Borland,
				Resources/ghostty/themes/Box,
				Resources/ghostty/themes/Breadog,
				Resources/ghostty/themes/Breeze,
				"Resources/ghostty/themes/Bright Lights",
				Resources/ghostty/themes/Broadcast,
				Resources/ghostty/themes/Brogrammer,
				"Resources/ghostty/themes/Builtin Dark",
				"Resources/ghostty/themes/Builtin Light",
				"Resources/ghostty/themes/Builtin Pastel Dark",
				"Resources/ghostty/themes/Builtin Solarized Dark",
				"Resources/ghostty/themes/Builtin Solarized Light",
				"Resources/ghostty/themes/Builtin Tango Dark",
				"Resources/ghostty/themes/Builtin Tango Light",
				Resources/ghostty/themes/C64,
				Resources/ghostty/themes/Calamity,
				Resources/ghostty/themes/Carbonfox,
				"Resources/ghostty/themes/Catppuccin Frappe",
				"Resources/ghostty/themes/Catppuccin Latte",
				"Resources/ghostty/themes/Catppuccin Macchiato",
				"Resources/ghostty/themes/Catppuccin Mocha",
				Resources/ghostty/themes/CGA,
				Resources/ghostty/themes/Chalk,
				Resources/ghostty/themes/Chalkboard,
				"Resources/ghostty/themes/Challenger Deep",
				Resources/ghostty/themes/Chester,
				Resources/ghostty/themes/Ciapre,
				Resources/ghostty/themes/Citruszest,
				Resources/ghostty/themes/CLRS,
				"Resources/ghostty/themes/Cobalt Neon",
				"Resources/ghostty/themes/Cobalt Next",
				"Resources/ghostty/themes/Cobalt Next Dark",
				"Resources/ghostty/themes/Cobalt Next Minimal",
				Resources/ghostty/themes/Cobalt2,
				"Resources/ghostty/themes/Coffee Theme",
				"Resources/ghostty/themes/Crayon Pony Fish",
				"Resources/ghostty/themes/Cursor Dark",
				"Resources/ghostty/themes/Cutie Pro",
				Resources/ghostty/themes/Cyberdyne,
				Resources/ghostty/themes/Cyberpunk,
				"Resources/ghostty/themes/Cyberpunk Scarlet Protocol",
				"Resources/ghostty/themes/Dark Modern",
				"Resources/ghostty/themes/Dark Pastel",
				"Resources/ghostty/themes/Dark+",
				Resources/ghostty/themes/Darkermatrix,
				Resources/ghostty/themes/Darkmatrix,
				Resources/ghostty/themes/Darkside,
				Resources/ghostty/themes/Dawnfox,
				Resources/ghostty/themes/Dayfox,
				Resources/ghostty/themes/Deep,
				Resources/ghostty/themes/Desert,
				Resources/ghostty/themes/Detuned,
				Resources/ghostty/themes/Dimidium,
				"Resources/ghostty/themes/Dimmed Monokai",
				Resources/ghostty/themes/Django,
				"Resources/ghostty/themes/Django Reborn Again",
				"Resources/ghostty/themes/Django Smooth",
				"Resources/ghostty/themes/Doom One",
				"Resources/ghostty/themes/Doom Peacock",
				"Resources/ghostty/themes/Dot Gov",
				Resources/ghostty/themes/Dracula,
				"Resources/ghostty/themes/Dracula+",
				Resources/ghostty/themes/Duckbones,
				"Resources/ghostty/themes/Duotone Dark",
				Resources/ghostty/themes/Duskfox,
				Resources/ghostty/themes/Earthsong,
				"Resources/ghostty/themes/Electron Highlighter",
				Resources/ghostty/themes/Elegant,
				Resources/ghostty/themes/Elemental,
				Resources/ghostty/themes/Elementary,
				Resources/ghostty/themes/Embark,
				"Resources/ghostty/themes/Embers Dark",
				Resources/ghostty/themes/ENCOM,
				Resources/ghostty/themes/Espresso,
				"Resources/ghostty/themes/Espresso Libre",
				Resources/ghostty/themes/Everblush,
				"Resources/ghostty/themes/Everforest Dark Hard",
				"Resources/ghostty/themes/Everforest Light Med",
				Resources/ghostty/themes/Fahrenheit,
				Resources/ghostty/themes/Fairyfloss,
				"Resources/ghostty/themes/Farmhouse Dark",
				"Resources/ghostty/themes/Farmhouse Light",
				Resources/ghostty/themes/Fideloper,
				"Resources/ghostty/themes/Firefly Traditional",
				"Resources/ghostty/themes/Firefox Dev",
				Resources/ghostty/themes/Firewatch,
				"Resources/ghostty/themes/Fish Tank",
				Resources/ghostty/themes/Flat,
				Resources/ghostty/themes/Flatland,
				"Resources/ghostty/themes/Flexoki Dark",
				"Resources/ghostty/themes/Flexoki Light",
				Resources/ghostty/themes/Floraverse,
				"Resources/ghostty/themes/Forest Blue",
				Resources/ghostty/themes/Framer,
				"Resources/ghostty/themes/Front End Delight",
				"Resources/ghostty/themes/Fun Forrest",
				Resources/ghostty/themes/Galaxy,
				Resources/ghostty/themes/Galizur,
				"Resources/ghostty/themes/Ghostty Default Style Dark",
				Resources/ghostty/themes/GitHub,
				"Resources/ghostty/themes/GitHub Dark",
				"Resources/ghostty/themes/GitHub Dark Colorblind",
				"Resources/ghostty/themes/GitHub Dark Default",
				"Resources/ghostty/themes/GitHub Dark Dimmed",
				"Resources/ghostty/themes/GitHub Dark High Contrast",
				"Resources/ghostty/themes/GitHub Light Colorblind",
				"Resources/ghostty/themes/GitHub Light Default",
				"Resources/ghostty/themes/GitHub Light High Contrast",
				"Resources/ghostty/themes/GitLab Dark",
				"Resources/ghostty/themes/GitLab Dark Grey",
				"Resources/ghostty/themes/GitLab Light",
				Resources/ghostty/themes/Glacier,
				Resources/ghostty/themes/Grape,
				Resources/ghostty/themes/Grass,
				"Resources/ghostty/themes/Grey Green",
				"Resources/ghostty/themes/Gruber Darker",
				"Resources/ghostty/themes/Gruvbox Dark",
				"Resources/ghostty/themes/Gruvbox Dark Hard",
				"Resources/ghostty/themes/Gruvbox Light",
				"Resources/ghostty/themes/Gruvbox Light Hard",
				"Resources/ghostty/themes/Gruvbox Material",
				"Resources/ghostty/themes/Gruvbox Material Dark",
				"Resources/ghostty/themes/Gruvbox Material Light",
				Resources/ghostty/themes/Guezwhoz,
				Resources/ghostty/themes/Hacktober,
				Resources/ghostty/themes/Hardcore,
				Resources/ghostty/themes/Harper,
				"Resources/ghostty/themes/Havn Daggry",
				"Resources/ghostty/themes/Havn Skumring",
				"Resources/ghostty/themes/HaX0R Blue",
				"Resources/ghostty/themes/HaX0R Gr33N",
				"Resources/ghostty/themes/HaX0R R3D",
				Resources/ghostty/themes/Heeler,
				Resources/ghostty/themes/Highway,
				"Resources/ghostty/themes/Hipster Green",
				Resources/ghostty/themes/Hivacruz,
				Resources/ghostty/themes/Homebrew,
				Resources/ghostty/themes/Hopscotch,
				Resources/ghostty/themes/Hopscotch.256,
				Resources/ghostty/themes/Horizon,
				"Resources/ghostty/themes/Horizon Bright",
				"Resources/ghostty/themes/Hot Dog Stand",
				"Resources/ghostty/themes/Hot Dog Stand (Mustard)",
				Resources/ghostty/themes/Hurtado,
				Resources/ghostty/themes/Hybrid,
				"Resources/ghostty/themes/IBM 5153 CGA",
				"Resources/ghostty/themes/IBM 5153 CGA (Black)",
				"Resources/ghostty/themes/IC Green PPL",
				"Resources/ghostty/themes/IC Orange PPL",
				"Resources/ghostty/themes/Iceberg Dark",
				"Resources/ghostty/themes/Iceberg Light",
				Resources/ghostty/themes/Idea,
				"Resources/ghostty/themes/Idle Toes",
				"Resources/ghostty/themes/IR Black",
				"Resources/ghostty/themes/IRIX Console",
				"Resources/ghostty/themes/IRIX Terminal",
				"Resources/ghostty/themes/iTerm2 Dark Background",
				"Resources/ghostty/themes/iTerm2 Default",
				"Resources/ghostty/themes/iTerm2 Light Background",
				"Resources/ghostty/themes/iTerm2 Pastel Dark Background",
				"Resources/ghostty/themes/iTerm2 Smoooooth",
				"Resources/ghostty/themes/iTerm2 Solarized Dark",
				"Resources/ghostty/themes/iTerm2 Solarized Light",
				"Resources/ghostty/themes/iTerm2 Tango Dark",
				"Resources/ghostty/themes/iTerm2 Tango Light",
				"Resources/ghostty/themes/Jackie Brown",
				Resources/ghostty/themes/Japanesque,
				Resources/ghostty/themes/Jellybeans,
				"Resources/ghostty/themes/JetBrains Darcula",
				Resources/ghostty/themes/Jubi,
				"Resources/ghostty/themes/Kanagawa Dragon",
				"Resources/ghostty/themes/Kanagawa Wave",
				Resources/ghostty/themes/Kanagawabones,
				Resources/ghostty/themes/Kibble,
				"Resources/ghostty/themes/Kitty Default",
				"Resources/ghostty/themes/Kitty Low Contrast",
				Resources/ghostty/themes/Kolorit,
				Resources/ghostty/themes/Konsolas,
				Resources/ghostty/themes/Kurokula,
				"Resources/ghostty/themes/Lab Fox",
				Resources/ghostty/themes/Laser,
				"Resources/ghostty/themes/Later This Evening",
				Resources/ghostty/themes/Lavandula,
				"Resources/ghostty/themes/Light Owl",
				"Resources/ghostty/themes/Liquid Carbon",
				"Resources/ghostty/themes/Liquid Carbon Transparent",
				Resources/ghostty/themes/Lovelace,
				"Resources/ghostty/themes/Man Page",
				Resources/ghostty/themes/Mariana,
				Resources/ghostty/themes/Material,
				"Resources/ghostty/themes/Material Dark",
				"Resources/ghostty/themes/Material Darker",
				"Resources/ghostty/themes/Material Design Colors",
				"Resources/ghostty/themes/Material Ocean",
				Resources/ghostty/themes/Mathias,
				Resources/ghostty/themes/Matrix,
				"Resources/ghostty/themes/Matte Black",
				Resources/ghostty/themes/Medallion,
				"Resources/ghostty/themes/Melange Dark",
				"Resources/ghostty/themes/Melange Light",
				Resources/ghostty/themes/Mellifluous,
				Resources/ghostty/themes/Mellow,
				Resources/ghostty/themes/Miasma,
				"Resources/ghostty/themes/Midnight In Mojave",
				Resources/ghostty/themes/Mirage,
				Resources/ghostty/themes/Misterioso,
				Resources/ghostty/themes/Molokai,
				"Resources/ghostty/themes/Mona Lisa",
				"Resources/ghostty/themes/Monokai Classic",
				"Resources/ghostty/themes/Monokai Pro",
				"Resources/ghostty/themes/Monokai Pro Light",
				"Resources/ghostty/themes/Monokai Pro Light Sun",
				"Resources/ghostty/themes/Monokai Pro Machine",
				"Resources/ghostty/themes/Monokai Pro Octagon",
				"Resources/ghostty/themes/Monokai Pro Ristretto",
				"Resources/ghostty/themes/Monokai Pro Spectrum",
				"Resources/ghostty/themes/Monokai Remastered",
				"Resources/ghostty/themes/Monokai Soda",
				"Resources/ghostty/themes/Monokai Vivid",
				Resources/ghostty/themes/Moonfly,
				Resources/ghostty/themes/N0Tch2K,
				"Resources/ghostty/themes/Neobones Dark",
				"Resources/ghostty/themes/Neobones Light",
				Resources/ghostty/themes/Neon,
				Resources/ghostty/themes/Neopolitan,
				Resources/ghostty/themes/Neutron,
				"Resources/ghostty/themes/Night Lion V1",
				"Resources/ghostty/themes/Night Lion V2",
				"Resources/ghostty/themes/Night Owl",
				"Resources/ghostty/themes/Night Owlish Light",
				Resources/ghostty/themes/Nightfox,
				Resources/ghostty/themes/Niji,
				"Resources/ghostty/themes/Nocturnal Winter",
				Resources/ghostty/themes/Nord,
				"Resources/ghostty/themes/Nord Light",
				"Resources/ghostty/themes/Nord Wave",
				Resources/ghostty/themes/Nordfox,
				Resources/ghostty/themes/Novel,
				"Resources/ghostty/themes/Nvim Dark",
				"Resources/ghostty/themes/Nvim Light",
				Resources/ghostty/themes/Obsidian,
				Resources/ghostty/themes/Ocean,
				"Resources/ghostty/themes/Oceanic Material",
				"Resources/ghostty/themes/Oceanic Next",
				Resources/ghostty/themes/Ollie,
				"Resources/ghostty/themes/One Double Dark",
				"Resources/ghostty/themes/One Double Light",
				"Resources/ghostty/themes/One Half Dark",
				"Resources/ghostty/themes/One Half Light",
				"Resources/ghostty/themes/Operator Mono Dark",
				"Resources/ghostty/themes/Overnight Slumber",
				Resources/ghostty/themes/Oxocarbon,
				"Resources/ghostty/themes/Pale Night Hc",
				Resources/ghostty/themes/Pandora,
				"Resources/ghostty/themes/Paraiso Dark",
				"Resources/ghostty/themes/Paul Millr",
				"Resources/ghostty/themes/Pencil Dark",
				"Resources/ghostty/themes/Pencil Light",
				Resources/ghostty/themes/Peppermint,
				"Resources/ghostty/themes/Phala Green Dark",
				"Resources/ghostty/themes/Piatto Light",
				Resources/ghostty/themes/Pnevma,
				"Resources/ghostty/themes/Popping And Locking",
				Resources/ghostty/themes/Powershell,
				Resources/ghostty/themes/Primary,
				Resources/ghostty/themes/Pro,
				"Resources/ghostty/themes/Pro Light",
				"Resources/ghostty/themes/Purple Rain",
				Resources/ghostty/themes/Purplepeter,
				Resources/ghostty/themes/Rapture,
				"Resources/ghostty/themes/Raycast Dark",
				"Resources/ghostty/themes/Raycast Light",
				Resources/ghostty/themes/Rebecca,
				"Resources/ghostty/themes/Red Alert",
				"Resources/ghostty/themes/Red Planet",
				"Resources/ghostty/themes/Red Sands",
				Resources/ghostty/themes/Relaxed,
				Resources/ghostty/themes/Retro,
				"Resources/ghostty/themes/Retro Legends",
				Resources/ghostty/themes/Rippedcasts,
				"Resources/ghostty/themes/Rose Pine",
				"Resources/ghostty/themes/Rose Pine Dawn",
				"Resources/ghostty/themes/Rose Pine Moon",
				"Resources/ghostty/themes/Rouge 2",
				Resources/ghostty/themes/Royal,
				Resources/ghostty/themes/Ryuuko,
				Resources/ghostty/themes/Sakura,
				"Resources/ghostty/themes/Scarlet Protocol",
				"Resources/ghostty/themes/Sea Shells",
				"Resources/ghostty/themes/Seafoam Pastel",
				"Resources/ghostty/themes/Selenized Dark",
				"Resources/ghostty/themes/Selenized Light",
				"Resources/ghostty/themes/Seoulbones Dark",
				"Resources/ghostty/themes/Seoulbones Light",
				Resources/ghostty/themes/Seti,
				"Resources/ghostty/themes/Shades Of Purple",
				Resources/ghostty/themes/Shaman,
				Resources/ghostty/themes/Slate,
				"Resources/ghostty/themes/Sleepy Hollow",
				Resources/ghostty/themes/Smyck,
				Resources/ghostty/themes/Snazzy,
				"Resources/ghostty/themes/Snazzy Soft",
				"Resources/ghostty/themes/Soft Server",
				"Resources/ghostty/themes/Solarized Darcula",
				"Resources/ghostty/themes/Solarized Dark Higher Contrast",
				"Resources/ghostty/themes/Solarized Dark Patched",
				"Resources/ghostty/themes/Solarized Osaka Night",
				Resources/ghostty/themes/Sonokai,
				Resources/ghostty/themes/Spacedust,
				Resources/ghostty/themes/Spacegray,
				"Resources/ghostty/themes/Spacegray Bright",
				"Resources/ghostty/themes/Spacegray Eighties",
				"Resources/ghostty/themes/Spacegray Eighties Dull",
				Resources/ghostty/themes/Spiderman,
				Resources/ghostty/themes/Spring,
				Resources/ghostty/themes/Square,
				"Resources/ghostty/themes/Squirrelsong Dark",
				Resources/ghostty/themes/Srcery,
				Resources/ghostty/themes/Starlight,
				Resources/ghostty/themes/Sublette,
				Resources/ghostty/themes/Subliminal,
				Resources/ghostty/themes/Sugarplum,
				Resources/ghostty/themes/Sundried,
				Resources/ghostty/themes/Symfonic,
				Resources/ghostty/themes/Synthwave,
				"Resources/ghostty/themes/Synthwave Alpha",
				"Resources/ghostty/themes/Synthwave Everything",
				"Resources/ghostty/themes/Tango Adapted",
				"Resources/ghostty/themes/Tango Half Adapted",
				Resources/ghostty/themes/Tearout,
				Resources/ghostty/themes/Teerb,
				Resources/ghostty/themes/Terafox,
				"Resources/ghostty/themes/Terminal Basic",
				"Resources/ghostty/themes/Terminal Basic Dark",
				"Resources/ghostty/themes/Thayer Bright",
				"Resources/ghostty/themes/The Hulk",
				"Resources/ghostty/themes/Tinacious Design Dark",
				"Resources/ghostty/themes/Tinacious Design Light",
				Resources/ghostty/themes/TokyoNight,
				"Resources/ghostty/themes/TokyoNight Day",
				"Resources/ghostty/themes/TokyoNight Moon",
				"Resources/ghostty/themes/TokyoNight Night",
				"Resources/ghostty/themes/TokyoNight Storm",
				Resources/ghostty/themes/Tomorrow,
				"Resources/ghostty/themes/Tomorrow Night",
				"Resources/ghostty/themes/Tomorrow Night Blue",
				"Resources/ghostty/themes/Tomorrow Night Bright",
				"Resources/ghostty/themes/Tomorrow Night Burns",
				"Resources/ghostty/themes/Tomorrow Night Eighties",
				"Resources/ghostty/themes/Toy Chest",
				Resources/ghostty/themes/Treehouse,
				Resources/ghostty/themes/Twilight,
				Resources/ghostty/themes/Ubuntu,
				"Resources/ghostty/themes/Ultra Dark",
				"Resources/ghostty/themes/Ultra Violent",
				"Resources/ghostty/themes/Under The Sea",
				Resources/ghostty/themes/Unikitty,
				Resources/ghostty/themes/Urple,
				Resources/ghostty/themes/Vague,
				Resources/ghostty/themes/Vaughn,
				Resources/ghostty/themes/Vercel,
				Resources/ghostty/themes/Vesper,
				"Resources/ghostty/themes/Vibrant Ink",
				Resources/ghostty/themes/Vimbones,
				"Resources/ghostty/themes/Violet Dark",
				"Resources/ghostty/themes/Violet Light",
				Resources/ghostty/themes/Violite,
				"Resources/ghostty/themes/Warm Neon",
				Resources/ghostty/themes/Wez,
				Resources/ghostty/themes/Whimsy,
				"Resources/ghostty/themes/Wild Cherry",
				Resources/ghostty/themes/Wilmersdorf,
				Resources/ghostty/themes/Wombat,
				Resources/ghostty/themes/Wryan,
				"Resources/ghostty/themes/Xcode Dark",
				"Resources/ghostty/themes/Xcode Dark hc",
				"Resources/ghostty/themes/Xcode Light",
				"Resources/ghostty/themes/Xcode Light hc",
				"Resources/ghostty/themes/Xcode WWDC",
				Resources/ghostty/themes/Zenbones,
				"Resources/ghostty/themes/Zenbones Dark",
				"Resources/ghostty/themes/Zenbones Light",
				Resources/ghostty/themes/Zenburn,
				Resources/ghostty/themes/Zenburned,
				"Resources/ghostty/themes/Zenwritten Dark",
				"Resources/ghostty/themes/Zenwritten Light",
				Resources/terminfo/67/ghostty,
				"Resources/terminfo/78/xterm-ghostty",
				Services/Agent/ACP/ACPClient.swift,
				Services/Agent/ACP/Internal/ACPErrorHandler.swift,
				Services/Agent/ACP/Internal/ACPProcessManager.swift,
				Services/Agent/ACP/Internal/ACPRequestRouter.swift,
				Services/Agent/AgentDefaults.swift,
				Services/Agent/AgentDiscoveryService.swift,
				Services/Agent/AgentInstaller.swift,
				Services/Agent/AgentRegistry.swift,
				Services/Agent/AgentRouter.swift,
				Services/Agent/AgentSession.swift,
				Services/Agent/AgentSessionAuth.swift,
				Services/Agent/AgentSessionMessaging.swift,
				Services/Agent/AgentSessionNotifications.swift,
				Services/Agent/AgentUpdater.swift,
				Services/Agent/AgentVersionChecker.swift,
				Services/Agent/Delegates/AgentFileSystemDelegate.swift,
				Services/Agent/Delegates/AgentPermissionHandler.swift,
				Services/Agent/Delegates/AgentTerminalDelegate.swift,
				Services/Agent/Installers/BinaryAgentInstaller.swift,
				Services/Agent/Installers/GitHubReleaseInstaller.swift,
				Services/Agent/Installers/NPMAgentInstaller.swift,
				Services/Agent/Installers/ShellEnvironmentLoader.swift,
				Services/Agent/Installers/UVAgentInstaller.swift,
				Services/AppDetector.swift,
				Services/Audio/AudioPermissionManager.swift,
				Services/Audio/AudioRecordingService.swift,
				Services/Audio/AudioService.swift,
				Services/Audio/SpeechRecognitionService.swift,
				Services/CrashReporter.swift,
				Services/FileIcon/FileIconMapper.swift,
				Services/FileIcon/FileIconService.swift,
				Services/Git/Domain/GitBranchService.swift,
				Services/Git/Domain/GitDiffService.swift,
				Services/Git/Domain/GitDomainService.swift,
				Services/Git/Domain/GitLogService.swift,
				Services/Git/Domain/GitRemoteService.swift,
				Services/Git/Domain/GitStagingService.swift,
				Services/Git/Domain/GitStatusService.swift,
				Services/Git/Domain/GitWorktreeService.swift,
				Services/Git/FileService.swift,
				Services/Git/GitDiffCache.swift,
				Services/Git/GitDiffProvider.swift,
				Services/Git/GitHostingService.swift,
				Services/Git/GitOperationHandler.swift,
				Services/Git/GitRepositoryService.swift,
				Services/Git/Libgit2/Libgit2Branch.swift,
				Services/Git/Libgit2/Libgit2Commit.swift,
				Services/Git/Libgit2/Libgit2Diff.swift,
				Services/Git/Libgit2/Libgit2Error.swift,
				Services/Git/Libgit2/Libgit2Remote.swift,
				Services/Git/Libgit2/Libgit2Repository.swift,
				Services/Git/Libgit2/Libgit2Service.swift,
				Services/Git/Libgit2/Libgit2Status.swift,
				Services/Git/Libgit2/Libgit2Worktree.swift,
				Services/Git/Libgit2/SSHConfigParser.swift,
				Services/Git/PostCreateActionExecutor.swift,
				Services/Git/PostCreateTemplateManager.swift,
				Services/Git/Repository/RepositoryFileSystemManager.swift,
				Services/Git/RepositoryManager.swift,
				Services/Git/ReviewSessionManager.swift,
				Services/Highlighting/HighlightingQueue.swift,
				Services/Highlighting/TreeSitterHighlighter.swift,
				Services/Input/KeyboardShortcutManager.swift,
				Services/License/KeychainStore.swift,
				Services/License/LicenseClient.swift,
				Services/License/LicenseManager.swift,
				Services/License/LicenseStore.swift,
				Services/MCP/MCPConfigManager.swift,
				Services/MCP/MCPManager.swift,
				Services/MCP/MCPRegistryService.swift,
				Services/Persistence/Persistence.swift,
				Services/Search/FileSearchService.swift,
				Services/Terminal/TmuxSessionManager.swift,
				Services/Workflow/GitHubWorkflowProvider.swift,
				Services/Workflow/GitLabWorkflowProvider.swift,
				Services/Workflow/WorkflowDetector.swift,
				Services/Workflow/WorkflowProviderProtocol.swift,
				Services/Workflow/WorkflowService.swift,
				Services/Workflow/WorkflowTypes.swift,
				Services/Xcode/XcodeBuildService.swift,
				Services/Xcode/XcodeBuildTypes.swift,
				Services/Xcode/XcodeDeviceService.swift,
				Services/Xcode/XcodeLogService.swift,
				Services/Xcode/XcodeProjectDetector.swift,
				Utilities/AnimationConstants.swift,
				Utilities/ANSIParser.swift,
				Utilities/DeepLinkHandler.swift,
				Utilities/DiffParser.swift,
				Utilities/GhosttyThemeParser.swift,
				Utilities/GitIndexWatchCenter.swift,
				Utilities/GitIndexWatcher.swift,
				Utilities/LanguageDetection.swift,
				Utilities/LoggerExtension.swift,
				Utilities/NotificationNames.swift,
				Utilities/ProcessExecutor.swift,
				Utilities/ShellEnvironment.swift,
				Utilities/TerminalTextCleaner.swift,
				Utilities/ToastManager.swift,
				Utilities/URLNormalizer.swift,
				Utilities/WorkspaceNameGenerator.swift,
				Views/About/AboutView.swift,
				Views/Browser/BrowserSessionManager.swift,
				Views/Browser/BrowserTabView.swift,
				Views/Browser/Components/BrowserControlBar.swift,
				Views/Browser/Components/WebViewWrapper.swift,
				Views/Chat/ACPContentViews.swift,
				Views/Chat/AgentIconView.swift,
				Views/Chat/ChatActions.swift,
				Views/Chat/ChatSessionView.swift,
				Views/Chat/ChatSessionViewModel.swift,
				"Views/Chat/ChatSessionViewModel+Attachments.swift",
				"Views/Chat/ChatSessionViewModel+Messages.swift",
				"Views/Chat/ChatSessionViewModel+Timeline.swift",
				Views/Chat/ChatTabView.swift,
				Views/Chat/Components/AgentLoadingView.swift,
				Views/Chat/Components/AgentPlanInlineView.swift,
				Views/Chat/Components/AgentSelectorMenu.swift,
				Views/Chat/Components/AgentSetupDialog.swift,
				Views/Chat/Components/AutocompleteWindowController.swift,
				Views/Chat/Components/ChatControlsBar.swift,
				Views/Chat/Components/ChatInputBar.swift,
				Views/Chat/Components/ChatInputView.swift,
				Views/Chat/Components/ChatMessageList.swift,
				Views/Chat/Components/CodeBlockView.swift,
				Views/Chat/Components/ContentBlockView.swift,
				Views/Chat/Components/ContentBlockViews.swift,
				Views/Chat/Components/InlineAutocompleteView.swift,
				Views/Chat/Components/InlineDiffView.swift,
				Views/Chat/Components/InlineTerminalView.swift,
				Views/Chat/Components/Markdown/MarkdownImageView.swift,
				Views/Chat/Components/Markdown/MarkdownListView.swift,
				Views/Chat/Components/Markdown/MarkdownTypes.swift,
				Views/Chat/Components/Markdown/MermaidDiagramView.swift,
				Views/Chat/Components/MarkdownContentView.swift,
				Views/Chat/Components/ModelSelectorMenu.swift,
				Views/Chat/Components/ModeSelectorView.swift,
				Views/Chat/Components/PermissionBannerView.swift,
				Views/Chat/Components/PermissionRequestView.swift,
				Views/Chat/Components/PlanApprovalDialog.swift,
				Views/Chat/Components/PlanContentView.swift,
				Views/Chat/Components/ShimmerEffect.swift,
				Views/Chat/Components/ToolCallGroupView.swift,
				Views/Chat/Components/TurnSummaryView.swift,
				Views/Chat/Helpers/AgentSwitcher.swift,
				Views/Chat/Helpers/AutocompleteState.swift,
				Views/Chat/Helpers/UnifiedAutocompleteHandler.swift,
				Views/Chat/MessageBubbleView.swift,
				Views/Chat/Sheets/AgentUpdateSheet.swift,
				Views/Chat/Sheets/AuthenticationSheet.swift,
				Views/Chat/Sheets/ToolDetailsSheet.swift,
				Views/Chat/ToolCallView.swift,
				Views/Chat/VoiceRecordingView.swift,
				Views/CommandPalette/CommandPaletteWindowController.swift,
				Views/CommandPalette/WorktreeSearchViewModel.swift,
				Views/Components/CodeEditorView.swift,
				Views/Components/CopyButton.swift,
				Views/Components/FileIconView.swift,
				Views/Components/GitDiffCoordinator.swift,
				Views/Components/NoteEditorView.swift,
				Views/Components/SpotlightPalette.swift,
				Views/Components/StatusFilterDropdown.swift,
				Views/Components/StatusIndicatorView.swift,
				Views/Components/ToastView.swift,
				Views/ContentView.swift,
				Views/Files/Components/FileContentTabView.swift,
				Views/Files/Components/FileContentView.swift,
				Views/Files/Components/FileInputDialog.swift,
				Views/Files/Components/FileTreeView.swift,
				Views/Files/FileBrowserSessionView.swift,
				Views/Files/FileBrowserViewModel.swift,
				Views/Onboarding/OnboardingView.swift,
				Views/RootView.swift,
				Views/Search/Components/FileSearchInput.swift,
				Views/Search/Components/FileSearchResultRow.swift,
				Views/Search/FileSearchView.swift,
				Views/Search/FileSearchViewModel.swift,
				Views/Search/FileSearchWindowController.swift,
				Views/Settings/AizenProSettingsView.swift,
				Views/Settings/CheckForUpdatesView.swift,
				Views/Settings/Components/AgentCommandEditorSheet.swift,
				Views/Settings/Components/AgentConfigEditorSheet.swift,
				Views/Settings/Components/AgentDetailView.swift,
				Views/Settings/Components/AgentListItemView.swift,
				Views/Settings/Components/AgentRulesEditorSheet.swift,
				Views/Settings/Components/BranchTemplateFormView.swift,
				Views/Settings/Components/CustomAgentFormView.swift,
				Views/Settings/Components/MCP/MCPInstallConfigSheet.swift,
				Views/Settings/Components/MCP/MCPInstalledServerRow.swift,
				Views/Settings/Components/MCP/MCPMarketplaceView.swift,
				Views/Settings/Components/MCP/MCPServerRowView.swift,
				Views/Settings/Components/PostCreateActionsView.swift,
				Views/Settings/Components/SFSymbolPickerView.swift,
				Views/Settings/Components/TerminalPresetFormView.swift,
				Views/Settings/EditorSettingsView.swift,
				Views/Settings/GeneralSettingsView.swift,
				Views/Settings/GitSettingsView.swift,
				Views/Settings/LicenseDeepLinkSheet.swift,
				Views/Settings/SettingsView.swift,
				Views/Settings/TerminalSettingsView.swift,
				Views/Settings/UpdateSettingsView.swift,
				Views/Terminal/Components/IndeterminateBar.swift,
				Views/Terminal/Components/ResizeOverlay.swift,
				Views/Terminal/Components/SplitTerminalView.swift,
				Views/Terminal/Components/SplitView.swift,
				Views/Terminal/Components/TerminalPaneView.swift,
				Views/Terminal/Components/TerminalSplitActions.swift,
				Views/Terminal/Components/TerminalViewWrapper.swift,
				Views/Terminal/TerminalSplitLayout.swift,
				Views/Terminal/TerminalTabView.swift,
				Views/Workspace/WorkspaceCreateSheet.swift,
				Views/Workspace/WorkspaceEditSheet.swift,
				Views/Workspace/WorkspaceSidebarView.swift,
				Views/Workspace/WorkspaceSwitcherSheet.swift,
				Views/Worktree/ActiveWorktreesMetrics.swift,
				Views/Worktree/ActiveWorktreesView.swift,
				Views/Worktree/ActiveWorktreesWindowController.swift,
				Views/Worktree/Components/ActiveTabIndicatorView.swift,
				Views/Worktree/Components/BranchSelectorView.swift,
				Views/Worktree/Components/Git/AllFilesDiffScrollView.swift,
				Views/Worktree/Components/Git/CommentPopover.swift,
				Views/Worktree/Components/Git/CommitTextEditor.swift,
				Views/Worktree/Components/Git/DiffLineParser.swift,
				Views/Worktree/Components/Git/DiffTableCells.swift,
				Views/Worktree/Components/Git/DiffView.swift,
				Views/Worktree/Components/Git/FileDiffSectionView.swift,
				Views/Worktree/Components/Git/GitCommitSection.swift,
				Views/Worktree/Components/Git/GitDiffViewModel.swift,
				Views/Worktree/Components/Git/GitFileList.swift,
				Views/Worktree/Components/Git/GitHistoryView.swift,
				Views/Worktree/Components/Git/GitPanelWindowContent.swift,
				Views/Worktree/Components/Git/GitPanelWindowController.swift,
				Views/Worktree/Components/Git/GitSidebarHeader.swift,
				Views/Worktree/Components/Git/ReviewCommentsPanel.swift,
				Views/Worktree/Components/Git/SendToAgentSheet.swift,
				Views/Worktree/Components/Git/Workflow/WorkflowFileView.swift,
				Views/Worktree/Components/Git/Workflow/WorkflowLogCells.swift,
				Views/Worktree/Components/Git/Workflow/WorkflowLogModels.swift,
				Views/Worktree/Components/Git/Workflow/WorkflowLogView.swift,
				Views/Worktree/Components/Git/Workflow/WorkflowRunDetailView.swift,
				Views/Worktree/Components/Git/Workflow/WorkflowRunsListView.swift,
				Views/Worktree/Components/Git/Workflow/WorkflowSidebarView.swift,
				Views/Worktree/Components/Git/Workflow/WorkflowTriggerFormView.swift,
				Views/Worktree/Components/GitSidebarView.swift,
				Views/Worktree/Components/WorktreeDetailsSheet.swift,
				Views/Worktree/Components/WorktreeDetailsTab.swift,
				Views/Worktree/Components/WorktreeGitOperations.swift,
				Views/Worktree/Components/WorktreeInfoComponents.swift,
				Views/Worktree/Components/WorktreeListItemView.swift,
				Views/Worktree/Components/WorktreeSessionManager.swift,
				Views/Worktree/Components/WorktreeSessionTabs.swift,
				Views/Worktree/Components/WorktreeTabStateManager.swift,
				Views/Worktree/Components/WorktreeToolbar.swift,
				Views/Worktree/Components/Xcode/XcodeBuildButton.swift,
				Views/Worktree/Components/Xcode/XcodeBuildLogPopover.swift,
				Views/Worktree/Components/Xcode/XcodeDestinationPicker.swift,
				Views/Worktree/Components/Xcode/XcodeLogSheetView.swift,
				Views/Worktree/FileTabView.swift,
				Views/Worktree/RepositoryAddSheet.swift,
				Views/Worktree/WorktreeCreateSheet.swift,
				Views/Worktree/WorktreeDetailView.swift,
				Views/Worktree/WorktreeListView.swift,
				Views/Worktree/WorktreeViewModel.swift,
				Views/ZenModeCommands.swift,
			);
			target = CC2917B42EFBDAE300440062 /* aizen nightly */;
		};
		CCEEAE8C2EBA3CD400627BC3 /* Exceptions for "aizen" folder in "aizen" target */ = {
			isa = PBXFileSystemSynchronizedBuildFileExceptionSet;
			membershipExceptions = (
				Info.plist,
			);
			target = CCB04B412EA241B30007DBB1 /* aizen */;
		};
/* End PBXFileSystemSynchronizedBuildFileExceptionSet section */

/* Begin PBXFileSystemSynchronizedRootGroup section */
		CCB04B442EA241B30007DBB1 /* aizen */ = {
			isa = PBXFileSystemSynchronizedRootGroup;
			exceptions = (
				CCEEAE8C2EBA3CD400627BC3 /* Exceptions for "aizen" folder in "aizen" target */,
				CC2917DC2EFBDAE400440062 /* Exceptions for "aizen" folder in "aizen nightly" target */,
			);
			path = aizen;
			sourceTree = "<group>";
		};
		CCB04B572EA241B50007DBB1 /* aizenTests */ = {
			isa = PBXFileSystemSynchronizedRootGroup;
			path = aizenTests;
			sourceTree = "<group>";
		};
		CCB04B612EA241B50007DBB1 /* aizenUITests */ = {
			isa = PBXFileSystemSynchronizedRootGroup;
			path = aizenUITests;
			sourceTree = "<group>";
		};
/* End PBXFileSystemSynchronizedRootGroup section */

/* Begin PBXFrameworksBuildPhase section */
		CC2917C72EFBDAE300440062 /* Frameworks */ = {
			isa = PBXFrameworksBuildPhase;
			buildActionMask = 2147483647;
			files = (
				CC2917C82EFBDAE300440062 /* CodeEditSourceEditor in Frameworks */,
				CC2917C92EFBDAE300440062 /* CodeEditTextView in Frameworks */,
				CC2917CA2EFBDAE300440062 /* CodeEditSymbols in Frameworks */,
				CC2917CB2EFBDAE300440062 /* CodeEditTextView in Frameworks */,
				CC2917CC2EFBDAE300440062 /* CodeEditSourceEditor in Frameworks */,
				CC2917CD2EFBDAE300440062 /* CodeEditSourceEditor in Frameworks */,
				CC2917CE2EFBDAE300440062 /* CodeEditTextView in Frameworks */,
				CC2917CF2EFBDAE300440062 /* CodeEditSymbols in Frameworks */,
				CC2917D02EFBDAE300440062 /* SwiftTreeSitter in Frameworks */,
				CC2917D12EFBDAE300440062 /* CodeEditLanguages in Frameworks */,
				CC2917D22EFBDAE300440062 /* CodeEditSourceEditor in Frameworks */,
				CC2917D32EFBDAE300440062 /* libghostty.a in Frameworks */,
				CC2917D42EFBDAE300440062 /* Markdown in Frameworks */,
				CC2917D52EFBDAE300440062 /* Sparkle in Frameworks */,
			);
			runOnlyForDeploymentPostprocessing = 0;
		};
		CCB04B3F2EA241B30007DBB1 /* Frameworks */ = {
			isa = PBXFrameworksBuildPhase;
			buildActionMask = 2147483647;
			files = (
				CCB235162EEA7CA300041489 /* CodeEditSourceEditor in Frameworks */,
				CCB235152EEA7CA300041489 /* CodeEditTextView in Frameworks */,
				CCB235142EEA7CA300041489 /* CodeEditSymbols in Frameworks */,
				CCB235132EEA7CA300041489 /* CodeEditTextView in Frameworks */,
				CCB235122EEA7CA300041489 /* CodeEditSourceEditor in Frameworks */,
				CCB235112EEA7CA300041489 /* CodeEditSourceEditor in Frameworks */,
				CCA569F12ECB04E100955D13 /* CodeEditTextView in Frameworks */,
				CCA56A052ECB132E00955D13 /* CodeEditSymbols in Frameworks */,
				CC8001752EC989600037DA4C /* SwiftTreeSitter in Frameworks */,
				CCA56A102ECB203200955D13 /* CodeEditLanguages in Frameworks */,
				CCA56A0B2ECB1EAF00955D13 /* CodeEditSourceEditor in Frameworks */,
				CC1234572EA241B30007DBB1 /* libghostty.a in Frameworks */,
				CC6CA52C2EA25D9D001CADD7 /* Markdown in Frameworks */,
				CC128B1B2EAF8DD600EA9A50 /* Sparkle in Frameworks */,
			);
			runOnlyForDeploymentPostprocessing = 0;
		};
		CCB04B512EA241B50007DBB1 /* Frameworks */ = {
			isa = PBXFrameworksBuildPhase;
			buildActionMask = 2147483647;
			files = (
			);
			runOnlyForDeploymentPostprocessing = 0;
		};
		CCB04B5B2EA241B50007DBB1 /* Frameworks */ = {
			isa = PBXFrameworksBuildPhase;
			buildActionMask = 2147483647;
			files = (
			);
			runOnlyForDeploymentPostprocessing = 0;
		};
/* End PBXFrameworksBuildPhase section */

/* Begin PBXGroup section */
		CC1234582EA241B30007DBB1 /* Frameworks */ = {
			isa = PBXGroup;
			children = (
				CC1234562EA241B30007DBB1 /* libghostty.a */,
			);
			name = Frameworks;
			sourceTree = "<group>";
		};
		CCB04B392EA241B30007DBB1 = {
			isa = PBXGroup;
			children = (
				CCB04B442EA241B30007DBB1 /* aizen */,
				CCB04B572EA241B50007DBB1 /* aizenTests */,
				CCB04B612EA241B50007DBB1 /* aizenUITests */,
				CCB04B432EA241B30007DBB1 /* Products */,
				CC1234582EA241B30007DBB1 /* Frameworks */,
				CC2917DD2EFBDAE400440062 /* aizen nightly-Info.plist */,
			);
			sourceTree = "<group>";
		};
		CCB04B432EA241B30007DBB1 /* Products */ = {
			isa = PBXGroup;
			children = (
				CCB04B422EA241B30007DBB1 /* aizen.app */,
				CCB04B542EA241B50007DBB1 /* aizenTests.xctest */,
				CCB04B5E2EA241B50007DBB1 /* aizenUITests.xctest */,
				CC2917DB2EFBDAE300440062 /* aizen nightly.app */,
			);
			name = Products;
			sourceTree = "<group>";
		};
/* End PBXGroup section */

/* Begin PBXNativeTarget section */
		CC2917B42EFBDAE300440062 /* aizen nightly */ = {
			isa = PBXNativeTarget;
			buildConfigurationList = CC2917D82EFBDAE300440062 /* Build configuration list for PBXNativeTarget "aizen nightly" */;
			buildPhases = (
				CC2917C62EFBDAE300440062 /* Sources */,
				CC2917C72EFBDAE300440062 /* Frameworks */,
				CC2917D62EFBDAE300440062 /* Resources */,
				CC2917D72EFBDAE300440062 /* Organize Ghostty Resources */,
			);
			buildRules = (
			);
			dependencies = (
			);
			fileSystemSynchronizedGroups = (
				CCB04B442EA241B30007DBB1 /* aizen */,
			);
			name = "aizen nightly";
			packageProductDependencies = (
				CC2917B52EFBDAE300440062 /* Markdown */,
				CC2917B72EFBDAE300440062 /* Sparkle */,
				CC2917B92EFBDAE300440062 /* SwiftTreeSitter */,
				CC2917BB2EFBDAE300440062 /* CodeEditTextView */,
				CC2917BC2EFBDAE300440062 /* CodeEditSourceEditor */,
				CC2917BD2EFBDAE300440062 /* CodeEditSourceEditor */,
				CC2917BE2EFBDAE300440062 /* CodeEditTextView */,
				CC2917BF2EFBDAE300440062 /* CodeEditSymbols */,
				CC2917C02EFBDAE300440062 /* CodeEditSymbols */,
				CC2917C12EFBDAE300440062 /* CodeEditTextView */,
				CC2917C22EFBDAE300440062 /* CodeEditSourceEditor */,
				CC2917C32EFBDAE300440062 /* CodeEditSourceEditor */,
				CC2917C42EFBDAE300440062 /* CodeEditLanguages */,
			);
			productName = aizen;
			productReference = CC2917DB2EFBDAE300440062 /* aizen nightly.app */;
			productType = "com.apple.product-type.application";
		};
		CCB04B412EA241B30007DBB1 /* aizen */ = {
			isa = PBXNativeTarget;
			buildConfigurationList = CCB04B682EA241B50007DBB1 /* Build configuration list for PBXNativeTarget "aizen" */;
			buildPhases = (
				CCB04B3E2EA241B30007DBB1 /* Sources */,
				CCB04B3F2EA241B30007DBB1 /* Frameworks */,
				CCB04B402EA241B30007DBB1 /* Resources */,
				CC1234582EA241B30007DBC1 /* Organize Ghostty Resources */,
			);
			buildRules = (
			);
			dependencies = (
			);
			fileSystemSynchronizedGroups = (
				CCB04B442EA241B30007DBB1 /* aizen */,
			);
			name = aizen;
			packageProductDependencies = (
				CCB04B732EA241B60007DBB1 /* Markdown */,
				CC128B1A2EAF8DD600EA9A50 /* Sparkle */,
				CCFE00062EBF000000000006 /* SwiftTreeSitter */,
				CCA569F02ECB04E100955D13 /* CodeEditTextView */,
				CCA569F32ECB04F500955D13 /* CodeEditSourceEditor */,
				CCA569FE2ECB12A600955D13 /* CodeEditSourceEditor */,
				CCA56A012ECB131C00955D13 /* CodeEditTextView */,
				CCA56A042ECB132E00955D13 /* CodeEditSymbols */,
				CCA56A062ECB1E8D00955D13 /* CodeEditSymbols */,
				CCA56A082ECB1E9D00955D13 /* CodeEditTextView */,
				CCA56A0A2ECB1EAF00955D13 /* CodeEditSourceEditor */,
				CCA56A0C2ECB1F2800955D13 /* CodeEditSourceEditor */,
				CCA56A0F2ECB203200955D13 /* CodeEditLanguages */,
			);
			productName = aizen;
			productReference = CCB04B422EA241B30007DBB1 /* aizen.app */;
			productType = "com.apple.product-type.application";
		};
		CCB04B532EA241B50007DBB1 /* aizenTests */ = {
			isa = PBXNativeTarget;
			buildConfigurationList = CCB04B6B2EA241B50007DBB1 /* Build configuration list for PBXNativeTarget "aizenTests" */;
			buildPhases = (
				CCB04B502EA241B50007DBB1 /* Sources */,
				CCB04B512EA241B50007DBB1 /* Frameworks */,
				CCB04B522EA241B50007DBB1 /* Resources */,
			);
			buildRules = (
			);
			dependencies = (
				CCB04B562EA241B50007DBB1 /* PBXTargetDependency */,
			);
			fileSystemSynchronizedGroups = (
				CCB04B572EA241B50007DBB1 /* aizenTests */,
			);
			name = aizenTests;
			packageProductDependencies = (
			);
			productName = aizenTests;
			productReference = CCB04B542EA241B50007DBB1 /* aizenTests.xctest */;
			productType = "com.apple.product-type.bundle.unit-test";
		};
		CCB04B5D2EA241B50007DBB1 /* aizenUITests */ = {
			isa = PBXNativeTarget;
			buildConfigurationList = CCB04B6E2EA241B50007DBB1 /* Build configuration list for PBXNativeTarget "aizenUITests" */;
			buildPhases = (
				CCB04B5A2EA241B50007DBB1 /* Sources */,
				CCB04B5B2EA241B50007DBB1 /* Frameworks */,
				CCB04B5C2EA241B50007DBB1 /* Resources */,
			);
			buildRules = (
			);
			dependencies = (
				CCB04B602EA241B50007DBB1 /* PBXTargetDependency */,
			);
			fileSystemSynchronizedGroups = (
				CCB04B612EA241B50007DBB1 /* aizenUITests */,
			);
			name = aizenUITests;
			packageProductDependencies = (
			);
			productName = aizenUITests;
			productReference = CCB04B5E2EA241B50007DBB1 /* aizenUITests.xctest */;
			productType = "com.apple.product-type.bundle.ui-testing";
		};
/* End PBXNativeTarget section */

/* Begin PBXProject section */
		CCB04B3A2EA241B30007DBB1 /* Project object */ = {
			isa = PBXProject;
			attributes = {
				BuildIndependentTargetsInParallel = 1;
				LastSwiftUpdateCheck = 2600;
				LastUpgradeCheck = 2610;
				TargetAttributes = {
					CCB04B412EA241B30007DBB1 = {
						CreatedOnToolsVersion = 26.0.1;
					};
					CCB04B532EA241B50007DBB1 = {
						CreatedOnToolsVersion = 26.0.1;
						TestTargetID = CCB04B412EA241B30007DBB1;
					};
					CCB04B5D2EA241B50007DBB1 = {
						CreatedOnToolsVersion = 26.0.1;
						TestTargetID = CCB04B412EA241B30007DBB1;
					};
				};
			};
			buildConfigurationList = CCB04B3D2EA241B30007DBB1 /* Build configuration list for PBXProject "aizen" */;
			developmentRegion = en;
			hasScannedForEncodings = 0;
			knownRegions = (
				en,
				Base,
				"zh-Hans",
			);
			mainGroup = CCB04B392EA241B30007DBB1;
			minimizedProjectReferenceProxies = 1;
			packageReferences = (
				CCB04B742EA241B60007DBB1 /* XCRemoteSwiftPackageReference "swift-markdown" */,
				CC128B192EAF8DD600EA9A50 /* XCRemoteSwiftPackageReference "Sparkle" */,
				CCFE00032EBF000000000003 /* XCRemoteSwiftPackageReference "SwiftTreeSitter" */,
				CCA569FD2ECB12A600955D13 /* XCLocalSwiftPackageReference "Packages/CodeEditSourceEditor" */,
				CCA56A002ECB131C00955D13 /* XCLocalSwiftPackageReference "Packages/CodeEditTextView" */,
				CCA56A032ECB132E00955D13 /* XCLocalSwiftPackageReference "Packages/CodeEditSymbols" */,
				CCA56A0E2ECB203200955D13 /* XCRemoteSwiftPackageReference "CodeEditLanguages" */,
			);
			preferredProjectObjectVersion = 77;
			productRefGroup = CCB04B432EA241B30007DBB1 /* Products */;
			projectDirPath = "";
			projectRoot = "";
			targets = (
				CCB04B412EA241B30007DBB1 /* aizen */,
				CC2917B42EFBDAE300440062 /* aizen nightly */,
				CCB04B532EA241B50007DBB1 /* aizenTests */,
				CCB04B5D2EA241B50007DBB1 /* aizenUITests */,
			);
		};
/* End PBXProject section */

/* Begin PBXResourcesBuildPhase section */
		CC2917D62EFBDAE300440062 /* Resources */ = {
			isa = PBXResourcesBuildPhase;
			buildActionMask = 2147483647;
			files = (
			);
			runOnlyForDeploymentPostprocessing = 0;
		};
		CCB04B402EA241B30007DBB1 /* Resources */ = {
			isa = PBXResourcesBuildPhase;
			buildActionMask = 2147483647;
			files = (
			);
			runOnlyForDeploymentPostprocessing = 0;
		};
		CCB04B522EA241B50007DBB1 /* Resources */ = {
			isa = PBXResourcesBuildPhase;
			buildActionMask = 2147483647;
			files = (
			);
			runOnlyForDeploymentPostprocessing = 0;
		};
		CCB04B5C2EA241B50007DBB1 /* Resources */ = {
			isa = PBXResourcesBuildPhase;
			buildActionMask = 2147483647;
			files = (
			);
			runOnlyForDeploymentPostprocessing = 0;
		};
/* End PBXResourcesBuildPhase section */

/* Begin PBXShellScriptBuildPhase section */
		CC1234582EA241B30007DBC1 /* Organize Ghostty Resources */ = {
			isa = PBXShellScriptBuildPhase;
			buildActionMask = 2147483647;
			files = (
			);
			inputFileListPaths = (
			);
			inputPaths = (
				"$(SRCROOT)/scripts/organize-resources.sh",
				"$(BUILT_PRODUCTS_DIR)/$(PRODUCT_NAME).app/Contents/Resources",
			);
			name = "Organize Ghostty Resources";
			outputFileListPaths = (
			);
			outputPaths = (
				"$(BUILT_PRODUCTS_DIR)/$(PRODUCT_NAME).app/Contents/Resources/ghostty/themes",
				"$(BUILT_PRODUCTS_DIR)/$(PRODUCT_NAME).app/Contents/Resources/terminfo/67",
			);
			runOnlyForDeploymentPostprocessing = 0;
			shellPath = /bin/sh;
			shellScript = "\"${SRCROOT}/scripts/organize-resources.sh\"\n";
		};
		CC2917D72EFBDAE300440062 /* Organize Ghostty Resources */ = {
			isa = PBXShellScriptBuildPhase;
			buildActionMask = 2147483647;
			files = (
			);
			inputFileListPaths = (
			);
			inputPaths = (
				"$(SRCROOT)/scripts/organize-resources.sh",
				"$(BUILT_PRODUCTS_DIR)/$(PRODUCT_NAME).app/Contents/Resources",
			);
			name = "Organize Ghostty Resources";
			outputFileListPaths = (
			);
			outputPaths = (
				"$(BUILT_PRODUCTS_DIR)/$(PRODUCT_NAME).app/Contents/Resources/ghostty/themes",
				"$(BUILT_PRODUCTS_DIR)/$(PRODUCT_NAME).app/Contents/Resources/terminfo/67",
			);
			runOnlyForDeploymentPostprocessing = 0;
			shellPath = /bin/sh;
			shellScript = "\"${SRCROOT}/scripts/organize-resources.sh\"\n";
		};
/* End PBXShellScriptBuildPhase section */

/* Begin PBXSourcesBuildPhase section */
		CC2917C62EFBDAE300440062 /* Sources */ = {
			isa = PBXSourcesBuildPhase;
			buildActionMask = 2147483647;
			files = (
			);
			runOnlyForDeploymentPostprocessing = 0;
		};
		CCB04B3E2EA241B30007DBB1 /* Sources */ = {
			isa = PBXSourcesBuildPhase;
			buildActionMask = 2147483647;
			files = (
			);
			runOnlyForDeploymentPostprocessing = 0;
		};
		CCB04B502EA241B50007DBB1 /* Sources */ = {
			isa = PBXSourcesBuildPhase;
			buildActionMask = 2147483647;
			files = (
			);
			runOnlyForDeploymentPostprocessing = 0;
		};
		CCB04B5A2EA241B50007DBB1 /* Sources */ = {
			isa = PBXSourcesBuildPhase;
			buildActionMask = 2147483647;
			files = (
			);
			runOnlyForDeploymentPostprocessing = 0;
		};
/* End PBXSourcesBuildPhase section */

/* Begin PBXTargetDependency section */
		CCB04B562EA241B50007DBB1 /* PBXTargetDependency */ = {
			isa = PBXTargetDependency;
			target = CCB04B412EA241B30007DBB1 /* aizen */;
			targetProxy = CCB04B552EA241B50007DBB1 /* PBXContainerItemProxy */;
		};
		CCB04B602EA241B50007DBB1 /* PBXTargetDependency */ = {
			isa = PBXTargetDependency;
			target = CCB04B412EA241B30007DBB1 /* aizen */;
			targetProxy = CCB04B5F2EA241B50007DBB1 /* PBXContainerItemProxy */;
		};
/* End PBXTargetDependency section */

/* Begin XCBuildConfiguration section */
		CC2917D92EFBDAE300440062 /* Debug */ = {
			isa = XCBuildConfiguration;
			buildSettings = {
				ARCHS = "$(ARCHS_STANDARD)";
				ASSETCATALOG_COMPILER_APPICON_NAME = AppIcon;
				ASSETCATALOG_COMPILER_GLOBAL_ACCENT_COLOR_NAME = AccentColor;
				ASSETCATALOG_COMPILER_INCLUDE_ALL_APPICON_ASSETS = YES;
				AUTOMATION_APPLE_EVENTS = NO;
				CODE_SIGN_ENTITLEMENTS = aizen/aizen.entitlements;
				CODE_SIGN_IDENTITY = "Apple Development";
				CODE_SIGN_STYLE = Automatic;
				COMBINE_HIDPI_IMAGES = YES;
				CURRENT_PROJECT_VERSION = 1;
				DEAD_CODE_STRIPPING = YES;
				DEVELOPMENT_TEAM = QW4U57CXJX;
				ENABLE_APP_SANDBOX = NO;
				ENABLE_HARDENED_RUNTIME = YES;
				ENABLE_OUTGOING_NETWORK_CONNECTIONS = YES;
				ENABLE_PREVIEWS = YES;
				ENABLE_RESOURCE_ACCESS_AUDIO_INPUT = YES;
				ENABLE_RESOURCE_ACCESS_CALENDARS = NO;
				ENABLE_RESOURCE_ACCESS_CAMERA = NO;
				ENABLE_RESOURCE_ACCESS_CONTACTS = NO;
				ENABLE_RESOURCE_ACCESS_LOCATION = NO;
				ENABLE_RESOURCE_ACCESS_PHOTO_LIBRARY = NO;
				ENABLE_USER_SELECTED_FILES = readonly;
				HEADER_SEARCH_PATHS = (
					"$(PROJECT_DIR)/Vendor/libghostty/include",
					"$(PROJECT_DIR)/Vendor/libgit2/include",
				);
				INFOPLIST_FILE = "aizen nightly-Info.plist";
				INFOPLIST_KEY_CFBundleDisplayName = aizen;
				INFOPLIST_KEY_LSApplicationCategoryType = "public.app-category.developer-tools";
				LD_RUNPATH_SEARCH_PATHS = (
					"$(inherited)",
					"@executable_path/../Frameworks",
				);
				LIBRARY_SEARCH_PATHS = (
					"$(PROJECT_DIR)/Vendor/libghostty/lib",
					"$(PROJECT_DIR)/Vendor/libgit2/lib",
				);
				MACOSX_DEPLOYMENT_TARGET = 13.5;
				MARKETING_VERSION = 1.0;
				OTHER_LDFLAGS = (
					"-lc++",
					"-lgit2",
					"-lssh2",
					"-lssl",
					"-lcrypto",
					"-lz",
					"-liconv",
					"-framework",
					Carbon,
					"-framework",
					Security,
					"-framework",
					CoreFoundation,
				);
				OTHER_SWIFT_FLAGS = "-Xcc -fmodule-map-file=$(PROJECT_DIR)/Vendor/libgit2/include/module.modulemap";
				PRODUCT_BUNDLE_IDENTIFIER = win.aizen.app.nightly;
				PRODUCT_NAME = "$(TARGET_NAME)";
				PROVISIONING_PROFILE_SPECIFIER = "";
				REGISTER_APP_GROUPS = YES;
				RUNTIME_EXCEPTION_ALLOW_DYLD_ENVIRONMENT_VARIABLES = NO;
				RUNTIME_EXCEPTION_ALLOW_JIT = NO;
				RUNTIME_EXCEPTION_ALLOW_UNSIGNED_EXECUTABLE_MEMORY = NO;
				RUNTIME_EXCEPTION_DEBUGGING_TOOL = NO;
				RUNTIME_EXCEPTION_DISABLE_EXECUTABLE_PAGE_PROTECTION = NO;
				RUNTIME_EXCEPTION_DISABLE_LIBRARY_VALIDATION = NO;
				STRING_CATALOG_GENERATE_SYMBOLS = YES;
				SWIFT_APPROACHABLE_CONCURRENCY = YES;
				SWIFT_DEFAULT_ACTOR_ISOLATION = MainActor;
				SWIFT_EMIT_LOC_STRINGS = YES;
				SWIFT_INCLUDE_PATHS = "$(PROJECT_DIR)/Vendor/libgit2/include";
				SWIFT_OBJC_BRIDGING_HEADER = "aizen/ghostty-bridging-header.h";
				SWIFT_UPCOMING_FEATURE_MEMBER_IMPORT_VISIBILITY = YES;
				SWIFT_VERSION = 5.0;
			};
			name = Debug;
		};
		CC2917DA2EFBDAE300440062 /* Release */ = {
			isa = XCBuildConfiguration;
			buildSettings = {
				ARCHS = "$(ARCHS_STANDARD)";
				ASSETCATALOG_COMPILER_APPICON_NAME = AppIcon;
				ASSETCATALOG_COMPILER_GLOBAL_ACCENT_COLOR_NAME = AccentColor;
				ASSETCATALOG_COMPILER_INCLUDE_ALL_APPICON_ASSETS = YES;
				AUTOMATION_APPLE_EVENTS = NO;
				CODE_SIGN_ENTITLEMENTS = aizen/aizen.entitlements;
				CODE_SIGN_STYLE = Automatic;
				COMBINE_HIDPI_IMAGES = YES;
				CURRENT_PROJECT_VERSION = 1;
				DEAD_CODE_STRIPPING = YES;
				DEVELOPMENT_TEAM = QW4U57CXJX;
				ENABLE_APP_SANDBOX = YES;
				ENABLE_HARDENED_RUNTIME = YES;
				ENABLE_OUTGOING_NETWORK_CONNECTIONS = YES;
				ENABLE_PREVIEWS = YES;
				ENABLE_RESOURCE_ACCESS_AUDIO_INPUT = YES;
				ENABLE_RESOURCE_ACCESS_CALENDARS = NO;
				ENABLE_RESOURCE_ACCESS_CAMERA = NO;
				ENABLE_RESOURCE_ACCESS_CONTACTS = NO;
				ENABLE_RESOURCE_ACCESS_LOCATION = NO;
				ENABLE_RESOURCE_ACCESS_PHOTO_LIBRARY = NO;
				ENABLE_USER_SELECTED_FILES = readonly;
				HEADER_SEARCH_PATHS = (
					"$(PROJECT_DIR)/Vendor/libghostty/include",
					"$(PROJECT_DIR)/Vendor/libgit2/include",
				);
				INFOPLIST_FILE = "aizen nightly-Info.plist";
				INFOPLIST_KEY_CFBundleDisplayName = aizen;
				INFOPLIST_KEY_LSApplicationCategoryType = "public.app-category.developer-tools";
				LD_RUNPATH_SEARCH_PATHS = (
					"$(inherited)",
					"@executable_path/../Frameworks",
				);
				LIBRARY_SEARCH_PATHS = (
					"$(PROJECT_DIR)/Vendor/libghostty/lib",
					"$(PROJECT_DIR)/Vendor/libgit2/lib",
				);
				MACOSX_DEPLOYMENT_TARGET = 13.5;
				MARKETING_VERSION = 1.0;
				OTHER_LDFLAGS = (
					"-lc++",
					"-lgit2",
					"-lssh2",
					"-lssl",
					"-lcrypto",
					"-lz",
					"-liconv",
					"-framework",
					Carbon,
					"-framework",
					Security,
					"-framework",
					CoreFoundation,
				);
				OTHER_SWIFT_FLAGS = "-Xcc -fmodule-map-file=$(PROJECT_DIR)/Vendor/libgit2/include/module.modulemap";
				PRODUCT_BUNDLE_IDENTIFIER = win.aizen.app.nightly;
				PRODUCT_NAME = "$(TARGET_NAME)";
				REGISTER_APP_GROUPS = YES;
				RUNTIME_EXCEPTION_ALLOW_DYLD_ENVIRONMENT_VARIABLES = NO;
				RUNTIME_EXCEPTION_ALLOW_JIT = NO;
				RUNTIME_EXCEPTION_ALLOW_UNSIGNED_EXECUTABLE_MEMORY = NO;
				RUNTIME_EXCEPTION_DEBUGGING_TOOL = NO;
				RUNTIME_EXCEPTION_DISABLE_EXECUTABLE_PAGE_PROTECTION = NO;
				RUNTIME_EXCEPTION_DISABLE_LIBRARY_VALIDATION = NO;
				STRING_CATALOG_GENERATE_SYMBOLS = YES;
				SWIFT_APPROACHABLE_CONCURRENCY = YES;
				SWIFT_DEFAULT_ACTOR_ISOLATION = MainActor;
				SWIFT_EMIT_LOC_STRINGS = YES;
				SWIFT_INCLUDE_PATHS = "$(PROJECT_DIR)/Vendor/libgit2/include";
				SWIFT_OBJC_BRIDGING_HEADER = "aizen/ghostty-bridging-header.h";
				SWIFT_UPCOMING_FEATURE_MEMBER_IMPORT_VISIBILITY = YES;
				SWIFT_VERSION = 5.0;
			};
			name = Release;
		};
		CCB04B662EA241B50007DBB1 /* Debug */ = {
			isa = XCBuildConfiguration;
			buildSettings = {
				ALWAYS_SEARCH_USER_PATHS = NO;
				ASSETCATALOG_COMPILER_GENERATE_SWIFT_ASSET_SYMBOL_EXTENSIONS = YES;
				CLANG_ANALYZER_NONNULL = YES;
				CLANG_ANALYZER_NUMBER_OBJECT_CONVERSION = YES_AGGRESSIVE;
				CLANG_CXX_LANGUAGE_STANDARD = "gnu++20";
				CLANG_ENABLE_MODULES = YES;
				CLANG_ENABLE_OBJC_ARC = YES;
				CLANG_ENABLE_OBJC_WEAK = YES;
				CLANG_WARN_BLOCK_CAPTURE_AUTORELEASING = YES;
				CLANG_WARN_BOOL_CONVERSION = YES;
				CLANG_WARN_COMMA = YES;
				CLANG_WARN_CONSTANT_CONVERSION = YES;
				CLANG_WARN_DEPRECATED_OBJC_IMPLEMENTATIONS = YES;
				CLANG_WARN_DIRECT_OBJC_ISA_USAGE = YES_ERROR;
				CLANG_WARN_DOCUMENTATION_COMMENTS = YES;
				CLANG_WARN_EMPTY_BODY = YES;
				CLANG_WARN_ENUM_CONVERSION = YES;
				CLANG_WARN_INFINITE_RECURSION = YES;
				CLANG_WARN_INT_CONVERSION = YES;
				CLANG_WARN_NON_LITERAL_NULL_CONVERSION = YES;
				CLANG_WARN_OBJC_IMPLICIT_RETAIN_SELF = YES;
				CLANG_WARN_OBJC_LITERAL_CONVERSION = YES;
				CLANG_WARN_OBJC_ROOT_CLASS = YES_ERROR;
				CLANG_WARN_QUOTED_INCLUDE_IN_FRAMEWORK_HEADER = YES;
				CLANG_WARN_RANGE_LOOP_ANALYSIS = YES;
				CLANG_WARN_STRICT_PROTOTYPES = YES;
				CLANG_WARN_SUSPICIOUS_MOVE = YES;
				CLANG_WARN_UNGUARDED_AVAILABILITY = YES_AGGRESSIVE;
				CLANG_WARN_UNREACHABLE_CODE = YES;
				CLANG_WARN__DUPLICATE_METHOD_MATCH = YES;
				COPY_PHASE_STRIP = NO;
				DEAD_CODE_STRIPPING = YES;
				DEBUG_INFORMATION_FORMAT = dwarf;
				DEVELOPMENT_TEAM = B4VFVW93QD;
				ENABLE_STRICT_OBJC_MSGSEND = YES;
				ENABLE_TESTABILITY = YES;
				ENABLE_USER_SCRIPT_SANDBOXING = NO;
				GCC_C_LANGUAGE_STANDARD = gnu17;
				GCC_DYNAMIC_NO_PIC = NO;
				GCC_NO_COMMON_BLOCKS = YES;
				GCC_OPTIMIZATION_LEVEL = 0;
				GCC_PREPROCESSOR_DEFINITIONS = (
					"DEBUG=1",
					"$(inherited)",
				);
				GCC_WARN_64_TO_32_BIT_CONVERSION = YES;
				GCC_WARN_ABOUT_RETURN_TYPE = YES_ERROR;
				GCC_WARN_UNDECLARED_SELECTOR = YES;
				GCC_WARN_UNINITIALIZED_AUTOS = YES_AGGRESSIVE;
				GCC_WARN_UNUSED_FUNCTION = YES;
				GCC_WARN_UNUSED_VARIABLE = YES;
				LOCALIZATION_PREFERS_STRING_CATALOGS = YES;
				MACOSX_DEPLOYMENT_TARGET = 13.5;
				MTL_ENABLE_DEBUG_INFO = INCLUDE_SOURCE;
				MTL_FAST_MATH = YES;
				ONLY_ACTIVE_ARCH = YES;
				SDKROOT = macosx;
				STRING_CATALOG_GENERATE_SYMBOLS = YES;
				SWIFT_ACTIVE_COMPILATION_CONDITIONS = "DEBUG $(inherited)";
				SWIFT_OPTIMIZATION_LEVEL = "-Onone";
			};
			name = Debug;
		};
		CCB04B672EA241B50007DBB1 /* Release */ = {
			isa = XCBuildConfiguration;
			buildSettings = {
				ALWAYS_SEARCH_USER_PATHS = NO;
				ASSETCATALOG_COMPILER_GENERATE_SWIFT_ASSET_SYMBOL_EXTENSIONS = YES;
				CLANG_ANALYZER_NONNULL = YES;
				CLANG_ANALYZER_NUMBER_OBJECT_CONVERSION = YES_AGGRESSIVE;
				CLANG_CXX_LANGUAGE_STANDARD = "gnu++20";
				CLANG_ENABLE_MODULES = YES;
				CLANG_ENABLE_OBJC_ARC = YES;
				CLANG_ENABLE_OBJC_WEAK = YES;
				CLANG_WARN_BLOCK_CAPTURE_AUTORELEASING = YES;
				CLANG_WARN_BOOL_CONVERSION = YES;
				CLANG_WARN_COMMA = YES;
				CLANG_WARN_CONSTANT_CONVERSION = YES;
				CLANG_WARN_DEPRECATED_OBJC_IMPLEMENTATIONS = YES;
				CLANG_WARN_DIRECT_OBJC_ISA_USAGE = YES_ERROR;
				CLANG_WARN_DOCUMENTATION_COMMENTS = YES;
				CLANG_WARN_EMPTY_BODY = YES;
				CLANG_WARN_ENUM_CONVERSION = YES;
				CLANG_WARN_INFINITE_RECURSION = YES;
				CLANG_WARN_INT_CONVERSION = YES;
				CLANG_WARN_NON_LITERAL_NULL_CONVERSION = YES;
				CLANG_WARN_OBJC_IMPLICIT_RETAIN_SELF = YES;
				CLANG_WARN_OBJC_LITERAL_CONVERSION = YES;
				CLANG_WARN_OBJC_ROOT_CLASS = YES_ERROR;
				CLANG_WARN_QUOTED_INCLUDE_IN_FRAMEWORK_HEADER = YES;
				CLANG_WARN_RANGE_LOOP_ANALYSIS = YES;
				CLANG_WARN_STRICT_PROTOTYPES = YES;
				CLANG_WARN_SUSPICIOUS_MOVE = YES;
				CLANG_WARN_UNGUARDED_AVAILABILITY = YES_AGGRESSIVE;
				CLANG_WARN_UNREACHABLE_CODE = YES;
				CLANG_WARN__DUPLICATE_METHOD_MATCH = YES;
				COPY_PHASE_STRIP = NO;
				DEAD_CODE_STRIPPING = YES;
				DEBUG_INFORMATION_FORMAT = "dwarf-with-dsym";
				DEVELOPMENT_TEAM = B4VFVW93QD;
				ENABLE_NS_ASSERTIONS = NO;
				ENABLE_STRICT_OBJC_MSGSEND = YES;
				ENABLE_USER_SCRIPT_SANDBOXING = NO;
				GCC_C_LANGUAGE_STANDARD = gnu17;
				GCC_NO_COMMON_BLOCKS = YES;
				GCC_WARN_64_TO_32_BIT_CONVERSION = YES;
				GCC_WARN_ABOUT_RETURN_TYPE = YES_ERROR;
				GCC_WARN_UNDECLARED_SELECTOR = YES;
				GCC_WARN_UNINITIALIZED_AUTOS = YES_AGGRESSIVE;
				GCC_WARN_UNUSED_FUNCTION = YES;
				GCC_WARN_UNUSED_VARIABLE = YES;
				LOCALIZATION_PREFERS_STRING_CATALOGS = YES;
				MACOSX_DEPLOYMENT_TARGET = 13.5;
				MTL_ENABLE_DEBUG_INFO = NO;
				MTL_FAST_MATH = YES;
				SDKROOT = macosx;
				STRING_CATALOG_GENERATE_SYMBOLS = YES;
				SWIFT_COMPILATION_MODE = wholemodule;
			};
			name = Release;
		};
		CCB04B692EA241B50007DBB1 /* Debug */ = {
			isa = XCBuildConfiguration;
			buildSettings = {
				ARCHS = "$(ARCHS_STANDARD)";
				ASSETCATALOG_COMPILER_APPICON_NAME = AppIcon;
				ASSETCATALOG_COMPILER_GLOBAL_ACCENT_COLOR_NAME = AccentColor;
				ASSETCATALOG_COMPILER_INCLUDE_ALL_APPICON_ASSETS = YES;
				AUTOMATION_APPLE_EVENTS = NO;
				CODE_SIGN_ENTITLEMENTS = aizen/aizen.entitlements;
				CODE_SIGN_IDENTITY = "Apple Development";
				CODE_SIGN_STYLE = Automatic;
				COMBINE_HIDPI_IMAGES = YES;
				CURRENT_PROJECT_VERSION = 1;
				DEAD_CODE_STRIPPING = YES;
				DEVELOPMENT_TEAM = QW4U57CXJX;
				ENABLE_APP_SANDBOX = NO;
				ENABLE_HARDENED_RUNTIME = YES;
				ENABLE_OUTGOING_NETWORK_CONNECTIONS = YES;
				ENABLE_PREVIEWS = YES;
				ENABLE_RESOURCE_ACCESS_AUDIO_INPUT = YES;
				ENABLE_RESOURCE_ACCESS_CALENDARS = NO;
				ENABLE_RESOURCE_ACCESS_CAMERA = NO;
				ENABLE_RESOURCE_ACCESS_CONTACTS = NO;
				ENABLE_RESOURCE_ACCESS_LOCATION = NO;
				ENABLE_RESOURCE_ACCESS_PHOTO_LIBRARY = NO;
				ENABLE_USER_SELECTED_FILES = readonly;
				HEADER_SEARCH_PATHS = (
					"$(PROJECT_DIR)/Vendor/libghostty/include",
					"$(PROJECT_DIR)/Vendor/libgit2/include",
				);
				INFOPLIST_FILE = aizen/Info.plist;
				INFOPLIST_KEY_CFBundleDisplayName = aizen;
				INFOPLIST_KEY_LSApplicationCategoryType = "public.app-category.developer-tools";
				LD_RUNPATH_SEARCH_PATHS = (
					"$(inherited)",
					"@executable_path/../Frameworks",
				);
				LIBRARY_SEARCH_PATHS = (
					"$(PROJECT_DIR)/Vendor/libghostty/lib",
					"$(PROJECT_DIR)/Vendor/libgit2/lib",
				);
				MACOSX_DEPLOYMENT_TARGET = 13.5;
				MARKETING_VERSION = 1.0;
				OTHER_LDFLAGS = (
					"-lc++",
					"-lgit2",
					"-lssh2",
					"-lssl",
					"-lcrypto",
					"-lz",
					"-liconv",
					"-framework",
					Carbon,
					"-framework",
					Security,
					"-framework",
					CoreFoundation,
				);
				OTHER_SWIFT_FLAGS = "-Xcc -fmodule-map-file=$(PROJECT_DIR)/Vendor/libgit2/include/module.modulemap";
				PRODUCT_BUNDLE_IDENTIFIER = win.aizen.app;
				PRODUCT_NAME = "$(TARGET_NAME)";
				PROVISIONING_PROFILE_SPECIFIER = "";
				REGISTER_APP_GROUPS = YES;
				RUNTIME_EXCEPTION_ALLOW_DYLD_ENVIRONMENT_VARIABLES = NO;
				RUNTIME_EXCEPTION_ALLOW_JIT = NO;
				RUNTIME_EXCEPTION_ALLOW_UNSIGNED_EXECUTABLE_MEMORY = NO;
				RUNTIME_EXCEPTION_DEBUGGING_TOOL = NO;
				RUNTIME_EXCEPTION_DISABLE_EXECUTABLE_PAGE_PROTECTION = NO;
				RUNTIME_EXCEPTION_DISABLE_LIBRARY_VALIDATION = NO;
				STRING_CATALOG_GENERATE_SYMBOLS = YES;
				SWIFT_APPROACHABLE_CONCURRENCY = YES;
				SWIFT_DEFAULT_ACTOR_ISOLATION = MainActor;
				SWIFT_EMIT_LOC_STRINGS = YES;
				SWIFT_INCLUDE_PATHS = "$(PROJECT_DIR)/Vendor/libgit2/include";
				SWIFT_OBJC_BRIDGING_HEADER = "aizen/ghostty-bridging-header.h";
				SWIFT_UPCOMING_FEATURE_MEMBER_IMPORT_VISIBILITY = YES;
				SWIFT_VERSION = 5.0;
			};
			name = Debug;
		};
		CCB04B6A2EA241B50007DBB1 /* Release */ = {
			isa = XCBuildConfiguration;
			buildSettings = {
				ARCHS = "$(ARCHS_STANDARD)";
				ASSETCATALOG_COMPILER_APPICON_NAME = AppIcon;
				ASSETCATALOG_COMPILER_GLOBAL_ACCENT_COLOR_NAME = AccentColor;
				ASSETCATALOG_COMPILER_INCLUDE_ALL_APPICON_ASSETS = YES;
				AUTOMATION_APPLE_EVENTS = NO;
				CODE_SIGN_ENTITLEMENTS = aizen/aizen.entitlements;
				CODE_SIGN_STYLE = Automatic;
				COMBINE_HIDPI_IMAGES = YES;
				CURRENT_PROJECT_VERSION = 1;
				DEAD_CODE_STRIPPING = YES;
				DEVELOPMENT_TEAM = QW4U57CXJX;
				ENABLE_APP_SANDBOX = YES;
				ENABLE_HARDENED_RUNTIME = YES;
				ENABLE_OUTGOING_NETWORK_CONNECTIONS = YES;
				ENABLE_PREVIEWS = YES;
				ENABLE_RESOURCE_ACCESS_AUDIO_INPUT = YES;
				ENABLE_RESOURCE_ACCESS_CALENDARS = NO;
				ENABLE_RESOURCE_ACCESS_CAMERA = NO;
				ENABLE_RESOURCE_ACCESS_CONTACTS = NO;
				ENABLE_RESOURCE_ACCESS_LOCATION = NO;
				ENABLE_RESOURCE_ACCESS_PHOTO_LIBRARY = NO;
				ENABLE_USER_SELECTED_FILES = readonly;
				HEADER_SEARCH_PATHS = (
					"$(PROJECT_DIR)/Vendor/libghostty/include",
					"$(PROJECT_DIR)/Vendor/libgit2/include",
				);
				INFOPLIST_FILE = aizen/Info.plist;
				INFOPLIST_KEY_CFBundleDisplayName = aizen;
				INFOPLIST_KEY_LSApplicationCategoryType = "public.app-category.developer-tools";
				LD_RUNPATH_SEARCH_PATHS = (
					"$(inherited)",
					"@executable_path/../Frameworks",
				);
				LIBRARY_SEARCH_PATHS = (
					"$(PROJECT_DIR)/Vendor/libghostty/lib",
					"$(PROJECT_DIR)/Vendor/libgit2/lib",
				);
				MACOSX_DEPLOYMENT_TARGET = 13.5;
				MARKETING_VERSION = 1.0;
				OTHER_LDFLAGS = (
					"-lc++",
					"-lgit2",
					"-lssh2",
					"-lssl",
					"-lcrypto",
					"-lz",
					"-liconv",
					"-framework",
					Carbon,
					"-framework",
					Security,
					"-framework",
					CoreFoundation,
				);
				OTHER_SWIFT_FLAGS = "-Xcc -fmodule-map-file=$(PROJECT_DIR)/Vendor/libgit2/include/module.modulemap";
				PRODUCT_BUNDLE_IDENTIFIER = win.aizen.app;
				PRODUCT_NAME = "$(TARGET_NAME)";
				REGISTER_APP_GROUPS = YES;
				RUNTIME_EXCEPTION_ALLOW_DYLD_ENVIRONMENT_VARIABLES = NO;
				RUNTIME_EXCEPTION_ALLOW_JIT = NO;
				RUNTIME_EXCEPTION_ALLOW_UNSIGNED_EXECUTABLE_MEMORY = NO;
				RUNTIME_EXCEPTION_DEBUGGING_TOOL = NO;
				RUNTIME_EXCEPTION_DISABLE_EXECUTABLE_PAGE_PROTECTION = NO;
				RUNTIME_EXCEPTION_DISABLE_LIBRARY_VALIDATION = NO;
				STRING_CATALOG_GENERATE_SYMBOLS = YES;
				SWIFT_APPROACHABLE_CONCURRENCY = YES;
				SWIFT_DEFAULT_ACTOR_ISOLATION = MainActor;
				SWIFT_EMIT_LOC_STRINGS = YES;
				SWIFT_INCLUDE_PATHS = "$(PROJECT_DIR)/Vendor/libgit2/include";
				SWIFT_OBJC_BRIDGING_HEADER = "aizen/ghostty-bridging-header.h";
				SWIFT_UPCOMING_FEATURE_MEMBER_IMPORT_VISIBILITY = YES;
				SWIFT_VERSION = 5.0;
			};
			name = Release;
		};
		CCB04B6C2EA241B50007DBB1 /* Debug */ = {
			isa = XCBuildConfiguration;
			buildSettings = {
				BUNDLE_LOADER = "$(TEST_HOST)";
				CODE_SIGN_STYLE = Automatic;
				CURRENT_PROJECT_VERSION = 1;
				DEAD_CODE_STRIPPING = YES;
				DEVELOPMENT_TEAM = B4VFVW93QD;
				GENERATE_INFOPLIST_FILE = YES;
				MACOSX_DEPLOYMENT_TARGET = 15.0;
				MARKETING_VERSION = 1.0;
				PRODUCT_BUNDLE_IDENTIFIER = win.aizen.app.aizenTests;
				PRODUCT_NAME = "$(TARGET_NAME)";
				STRING_CATALOG_GENERATE_SYMBOLS = NO;
				SWIFT_APPROACHABLE_CONCURRENCY = YES;
				SWIFT_EMIT_LOC_STRINGS = NO;
				SWIFT_UPCOMING_FEATURE_MEMBER_IMPORT_VISIBILITY = YES;
				SWIFT_VERSION = 5.0;
				TEST_HOST = "$(BUILT_PRODUCTS_DIR)/aizen.app/$(BUNDLE_EXECUTABLE_FOLDER_PATH)/aizen";
			};
			name = Debug;
		};
		CCB04B6D2EA241B50007DBB1 /* Release */ = {
			isa = XCBuildConfiguration;
			buildSettings = {
				BUNDLE_LOADER = "$(TEST_HOST)";
				CODE_SIGN_STYLE = Automatic;
				CURRENT_PROJECT_VERSION = 1;
				DEAD_CODE_STRIPPING = YES;
				DEVELOPMENT_TEAM = B4VFVW93QD;
				GENERATE_INFOPLIST_FILE = YES;
				MACOSX_DEPLOYMENT_TARGET = 15.0;
				MARKETING_VERSION = 1.0;
				PRODUCT_BUNDLE_IDENTIFIER = win.aizen.app.aizenTests;
				PRODUCT_NAME = "$(TARGET_NAME)";
				STRING_CATALOG_GENERATE_SYMBOLS = NO;
				SWIFT_APPROACHABLE_CONCURRENCY = YES;
				SWIFT_EMIT_LOC_STRINGS = NO;
				SWIFT_UPCOMING_FEATURE_MEMBER_IMPORT_VISIBILITY = YES;
				SWIFT_VERSION = 5.0;
				TEST_HOST = "$(BUILT_PRODUCTS_DIR)/aizen.app/$(BUNDLE_EXECUTABLE_FOLDER_PATH)/aizen";
			};
			name = Release;
		};
		CCB04B6F2EA241B50007DBB1 /* Debug */ = {
			isa = XCBuildConfiguration;
			buildSettings = {
				CODE_SIGN_STYLE = Automatic;
				CURRENT_PROJECT_VERSION = 1;
				DEAD_CODE_STRIPPING = YES;
				DEVELOPMENT_TEAM = B4VFVW93QD;
				GENERATE_INFOPLIST_FILE = YES;
				MARKETING_VERSION = 1.0;
				PRODUCT_BUNDLE_IDENTIFIER = win.aizen.app.aizenUITests;
				PRODUCT_NAME = "$(TARGET_NAME)";
				STRING_CATALOG_GENERATE_SYMBOLS = NO;
				SWIFT_APPROACHABLE_CONCURRENCY = YES;
				SWIFT_EMIT_LOC_STRINGS = NO;
				SWIFT_UPCOMING_FEATURE_MEMBER_IMPORT_VISIBILITY = YES;
				SWIFT_VERSION = 5.0;
				TEST_TARGET_NAME = aizen;
			};
			name = Debug;
		};
		CCB04B702EA241B50007DBB1 /* Release */ = {
			isa = XCBuildConfiguration;
			buildSettings = {
				CODE_SIGN_STYLE = Automatic;
				CURRENT_PROJECT_VERSION = 1;
				DEAD_CODE_STRIPPING = YES;
				DEVELOPMENT_TEAM = B4VFVW93QD;
				GENERATE_INFOPLIST_FILE = YES;
				MARKETING_VERSION = 1.0;
				PRODUCT_BUNDLE_IDENTIFIER = win.aizen.app.aizenUITests;
				PRODUCT_NAME = "$(TARGET_NAME)";
				STRING_CATALOG_GENERATE_SYMBOLS = NO;
				SWIFT_APPROACHABLE_CONCURRENCY = YES;
				SWIFT_EMIT_LOC_STRINGS = NO;
				SWIFT_UPCOMING_FEATURE_MEMBER_IMPORT_VISIBILITY = YES;
				SWIFT_VERSION = 5.0;
				TEST_TARGET_NAME = aizen;
			};
			name = Release;
		};
/* End XCBuildConfiguration section */

/* Begin XCConfigurationList section */
		CC2917D82EFBDAE300440062 /* Build configuration list for PBXNativeTarget "aizen nightly" */ = {
			isa = XCConfigurationList;
			buildConfigurations = (
				CC2917D92EFBDAE300440062 /* Debug */,
				CC2917DA2EFBDAE300440062 /* Release */,
			);
			defaultConfigurationIsVisible = 0;
			defaultConfigurationName = Release;
		};
		CCB04B3D2EA241B30007DBB1 /* Build configuration list for PBXProject "aizen" */ = {
			isa = XCConfigurationList;
			buildConfigurations = (
				CCB04B662EA241B50007DBB1 /* Debug */,
				CCB04B672EA241B50007DBB1 /* Release */,
			);
			defaultConfigurationIsVisible = 0;
			defaultConfigurationName = Release;
		};
		CCB04B682EA241B50007DBB1 /* Build configuration list for PBXNativeTarget "aizen" */ = {
			isa = XCConfigurationList;
			buildConfigurations = (
				CCB04B692EA241B50007DBB1 /* Debug */,
				CCB04B6A2EA241B50007DBB1 /* Release */,
			);
			defaultConfigurationIsVisible = 0;
			defaultConfigurationName = Release;
		};
		CCB04B6B2EA241B50007DBB1 /* Build configuration list for PBXNativeTarget "aizenTests" */ = {
			isa = XCConfigurationList;
			buildConfigurations = (
				CCB04B6C2EA241B50007DBB1 /* Debug */,
				CCB04B6D2EA241B50007DBB1 /* Release */,
			);
			defaultConfigurationIsVisible = 0;
			defaultConfigurationName = Release;
		};
		CCB04B6E2EA241B50007DBB1 /* Build configuration list for PBXNativeTarget "aizenUITests" */ = {
			isa = XCConfigurationList;
			buildConfigurations = (
				CCB04B6F2EA241B50007DBB1 /* Debug */,
				CCB04B702EA241B50007DBB1 /* Release */,
			);
			defaultConfigurationIsVisible = 0;
			defaultConfigurationName = Release;
		};
/* End XCConfigurationList section */

/* Begin XCLocalSwiftPackageReference section */
		CCA569FD2ECB12A600955D13 /* XCLocalSwiftPackageReference "Packages/CodeEditSourceEditor" */ = {
			isa = XCLocalSwiftPackageReference;
			relativePath = Packages/CodeEditSourceEditor;
		};
		CCA56A002ECB131C00955D13 /* XCLocalSwiftPackageReference "Packages/CodeEditTextView" */ = {
			isa = XCLocalSwiftPackageReference;
			relativePath = Packages/CodeEditTextView;
		};
		CCA56A032ECB132E00955D13 /* XCLocalSwiftPackageReference "Packages/CodeEditSymbols" */ = {
			isa = XCLocalSwiftPackageReference;
			relativePath = Packages/CodeEditSymbols;
		};
/* End XCLocalSwiftPackageReference section */

/* Begin XCRemoteSwiftPackageReference section */
		CC128B192EAF8DD600EA9A50 /* XCRemoteSwiftPackageReference "Sparkle" */ = {
			isa = XCRemoteSwiftPackageReference;
			repositoryURL = "https://github.com/sparkle-project/Sparkle";
			requirement = {
				kind = upToNextMajorVersion;
				minimumVersion = 2.0.0;
			};
		};
		CC2917B62EFBDAE300440062 /* XCRemoteSwiftPackageReference "swift-markdown" */ = {
			isa = XCRemoteSwiftPackageReference;
			repositoryURL = "https://github.com/apple/swift-markdown";
			requirement = {
				branch = main;
				kind = branch;
			};
		};
		CC2917B82EFBDAE300440062 /* XCRemoteSwiftPackageReference "Sparkle" */ = {
			isa = XCRemoteSwiftPackageReference;
			repositoryURL = "https://github.com/sparkle-project/Sparkle";
			requirement = {
				kind = upToNextMajorVersion;
				minimumVersion = 2.0.0;
			};
		};
		CC2917BA2EFBDAE300440062 /* XCRemoteSwiftPackageReference "SwiftTreeSitter" */ = {
			isa = XCRemoteSwiftPackageReference;
			repositoryURL = "https://github.com/ChimeHQ/SwiftTreeSitter";
			requirement = {
				kind = upToNextMajorVersion;
				minimumVersion = 0.8.0;
			};
		};
		CC2917C52EFBDAE300440062 /* XCRemoteSwiftPackageReference "CodeEditLanguages" */ = {
			isa = XCRemoteSwiftPackageReference;
			repositoryURL = "https://github.com/CodeEditApp/CodeEditLanguages.git";
			requirement = {
				kind = upToNextMajorVersion;
				minimumVersion = 0.1.21;
			};
		};
		CCA56A0E2ECB203200955D13 /* XCRemoteSwiftPackageReference "CodeEditLanguages" */ = {
			isa = XCRemoteSwiftPackageReference;
			repositoryURL = "https://github.com/CodeEditApp/CodeEditLanguages.git";
			requirement = {
				kind = upToNextMajorVersion;
				minimumVersion = 0.1.21;
			};
		};
		CCB04B742EA241B60007DBB1 /* XCRemoteSwiftPackageReference "swift-markdown" */ = {
			isa = XCRemoteSwiftPackageReference;
			repositoryURL = "https://github.com/apple/swift-markdown";
			requirement = {
				branch = main;
				kind = branch;
			};
		};
		CCFE00032EBF000000000003 /* XCRemoteSwiftPackageReference "SwiftTreeSitter" */ = {
			isa = XCRemoteSwiftPackageReference;
			repositoryURL = "https://github.com/ChimeHQ/SwiftTreeSitter";
			requirement = {
				kind = upToNextMajorVersion;
				minimumVersion = 0.8.0;
			};
		};
/* End XCRemoteSwiftPackageReference section */

/* Begin XCSwiftPackageProductDependency section */
		CC128B1A2EAF8DD600EA9A50 /* Sparkle */ = {
			isa = XCSwiftPackageProductDependency;
			package = CC128B192EAF8DD600EA9A50 /* XCRemoteSwiftPackageReference "Sparkle" */;
			productName = Sparkle;
		};
		CC2917B52EFBDAE300440062 /* Markdown */ = {
			isa = XCSwiftPackageProductDependency;
			package = CC2917B62EFBDAE300440062 /* XCRemoteSwiftPackageReference "swift-markdown" */;
			productName = Markdown;
		};
		CC2917B72EFBDAE300440062 /* Sparkle */ = {
			isa = XCSwiftPackageProductDependency;
			package = CC2917B82EFBDAE300440062 /* XCRemoteSwiftPackageReference "Sparkle" */;
			productName = Sparkle;
		};
		CC2917B92EFBDAE300440062 /* SwiftTreeSitter */ = {
			isa = XCSwiftPackageProductDependency;
			package = CC2917BA2EFBDAE300440062 /* XCRemoteSwiftPackageReference "SwiftTreeSitter" */;
			productName = SwiftTreeSitter;
		};
		CC2917BB2EFBDAE300440062 /* CodeEditTextView */ = {
			isa = XCSwiftPackageProductDependency;
			productName = CodeEditTextView;
		};
		CC2917BC2EFBDAE300440062 /* CodeEditSourceEditor */ = {
			isa = XCSwiftPackageProductDependency;
			productName = CodeEditSourceEditor;
		};
		CC2917BD2EFBDAE300440062 /* CodeEditSourceEditor */ = {
			isa = XCSwiftPackageProductDependency;
			productName = CodeEditSourceEditor;
		};
		CC2917BE2EFBDAE300440062 /* CodeEditTextView */ = {
			isa = XCSwiftPackageProductDependency;
			productName = CodeEditTextView;
		};
		CC2917BF2EFBDAE300440062 /* CodeEditSymbols */ = {
			isa = XCSwiftPackageProductDependency;
			productName = CodeEditSymbols;
		};
		CC2917C02EFBDAE300440062 /* CodeEditSymbols */ = {
			isa = XCSwiftPackageProductDependency;
			productName = CodeEditSymbols;
		};
		CC2917C12EFBDAE300440062 /* CodeEditTextView */ = {
			isa = XCSwiftPackageProductDependency;
			productName = CodeEditTextView;
		};
		CC2917C22EFBDAE300440062 /* CodeEditSourceEditor */ = {
			isa = XCSwiftPackageProductDependency;
			productName = CodeEditSourceEditor;
		};
		CC2917C32EFBDAE300440062 /* CodeEditSourceEditor */ = {
			isa = XCSwiftPackageProductDependency;
			productName = CodeEditSourceEditor;
		};
		CC2917C42EFBDAE300440062 /* CodeEditLanguages */ = {
			isa = XCSwiftPackageProductDependency;
			package = CC2917C52EFBDAE300440062 /* XCRemoteSwiftPackageReference "CodeEditLanguages" */;
			productName = CodeEditLanguages;
		};
		CCA569F02ECB04E100955D13 /* CodeEditTextView */ = {
			isa = XCSwiftPackageProductDependency;
			productName = CodeEditTextView;
		};
		CCA569F32ECB04F500955D13 /* CodeEditSourceEditor */ = {
			isa = XCSwiftPackageProductDependency;
			productName = CodeEditSourceEditor;
		};
		CCA569FE2ECB12A600955D13 /* CodeEditSourceEditor */ = {
			isa = XCSwiftPackageProductDependency;
			productName = CodeEditSourceEditor;
		};
		CCA56A012ECB131C00955D13 /* CodeEditTextView */ = {
			isa = XCSwiftPackageProductDependency;
			productName = CodeEditTextView;
		};
		CCA56A042ECB132E00955D13 /* CodeEditSymbols */ = {
			isa = XCSwiftPackageProductDependency;
			productName = CodeEditSymbols;
		};
		CCA56A062ECB1E8D00955D13 /* CodeEditSymbols */ = {
			isa = XCSwiftPackageProductDependency;
			productName = CodeEditSymbols;
		};
		CCA56A082ECB1E9D00955D13 /* CodeEditTextView */ = {
			isa = XCSwiftPackageProductDependency;
			productName = CodeEditTextView;
		};
		CCA56A0A2ECB1EAF00955D13 /* CodeEditSourceEditor */ = {
			isa = XCSwiftPackageProductDependency;
			productName = CodeEditSourceEditor;
		};
		CCA56A0C2ECB1F2800955D13 /* CodeEditSourceEditor */ = {
			isa = XCSwiftPackageProductDependency;
			productName = CodeEditSourceEditor;
		};
		CCA56A0F2ECB203200955D13 /* CodeEditLanguages */ = {
			isa = XCSwiftPackageProductDependency;
			package = CCA56A0E2ECB203200955D13 /* XCRemoteSwiftPackageReference "CodeEditLanguages" */;
			productName = CodeEditLanguages;
		};
		CCB04B732EA241B60007DBB1 /* Markdown */ = {
			isa = XCSwiftPackageProductDependency;
			package = CCB04B742EA241B60007DBB1 /* XCRemoteSwiftPackageReference "swift-markdown" */;
			productName = Markdown;
		};
		CCFE00062EBF000000000006 /* SwiftTreeSitter */ = {
			isa = XCSwiftPackageProductDependency;
			package = CCFE00032EBF000000000003 /* XCRemoteSwiftPackageReference "SwiftTreeSitter" */;
			productName = SwiftTreeSitter;
		};
/* End XCSwiftPackageProductDependency section */
	};
	rootObject = CCB04B3A2EA241B30007DBB1 /* Project object */;
}
