{
  "originHash" : "d0796cf874550d7a4d81fe3a397a7917cc07424469204dab432a31a0692cf766",
  "pins" : [
    {
      "identity" : "highlightswift",
      "kind" : "remoteSourceControl",
      "location" : "https://github.com/appstefan/highlightswift",
      "state" : {
        "revision" : "784ca3ccfc8a2cf724fbb2f06cb6ec3329424da3",
        "version" : "1.1.0"
      }
    },
    {
      "identity" : "swift-argument-parser",
      "kind" : "remoteSourceControl",
      "location" : "https://github.com/apple/swift-argument-parser",
      "state" : {
        "revision" : "cdd0ef3755280949551dc26dee5de9ddeda89f54",
        "version" : "1.6.2"
      }
    },
    {
      "identity" : "swift-cmark",
      "kind" : "remoteSourceControl",
      "location" : "https://github.com/swiftlang/swift-cmark.git",
      "state" : {
        "branch" : "gfm",
        "revision" : "924936d0427cb25a61169739a7660230bffa6ea6"
      }
    },
    {
      "identity" : "swift-markdown",
      "kind" : "remoteSourceControl",
      "location" : "https://github.com/apple/swift-markdown",
      "state" : {
        "branch" : "main",
        "revision" : "0186e808140db5eb5ba9b052e86fbe15b88f7975"
      }
    },
    {
      "identity" : "swiftterm",
      "kind" : "remoteSourceControl",
      "location" : "https://github.com/migueldeicaza/SwiftTerm",
      "state" : {
        "revision" : "0b8d99bd19b694df44e1ccaa3891309719d34330",
        "version" : "1.5.1"
      }
    }
  ],
  "version" : 3
}
